# This is a Gradle generated file for dependency locking.
# Manual edits can break the build and are not advised.
# This file is expected to be part of source control.
com.ethlo.time:itu:1.10.3=testCompileClasspath,testImplementationDependenciesMetadata,testRuntimeClasspath
com.fasterxml.jackson.core:jackson-annotations:2.18.2=testCompileClasspath,testImplementationDependenciesMetadata,testRuntimeClasspath
com.fasterxml.jackson.core:jackson-core:2.18.2=testCompileClasspath,testImplementationDependenciesMetadata,testRuntimeClasspath
com.fasterxml.jackson.core:jackson-databind:2.18.2=testCompileClasspath,testImplementationDependenciesMetadata,testRuntimeClasspath
com.fasterxml.jackson.dataformat:jackson-dataformat-yaml:2.18.2=testCompileClasspath,testImplementationDependenciesMetadata,testRuntimeClasspath
com.fasterxml.jackson.datatype:jackson-datatype-jsr310:2.18.2=testCompileClasspath,testImplementationDependenciesMetadata,testRuntimeClasspath
com.fasterxml.jackson:jackson-bom:2.18.2=testCompileClasspath,testImplementationDependenciesMetadata,testRuntimeClasspath
com.github.ajalt.clikt:clikt-core-jvm:5.0.3=compileClasspath,runtimeClasspath,testCompileClasspath,testRuntimeClasspath
com.github.ajalt.clikt:clikt-core:5.0.3=apiDependenciesMetadata,compileClasspath,implementationDependenciesMetadata,runtimeClasspath,testCompileClasspath,testImplementationDependenciesMetadata,testRuntimeClasspath
com.github.ajalt.clikt:clikt-jvm:5.0.3=compileClasspath,runtimeClasspath,testCompileClasspath,testRuntimeClasspath
com.github.ajalt.clikt:clikt-markdown-jvm:5.0.3=runtimeClasspath,testRuntimeClasspath
com.github.ajalt.clikt:clikt-markdown:5.0.3=runtimeClasspath,testRuntimeClasspath
com.github.ajalt.clikt:clikt:5.0.3=apiDependenciesMetadata,compileClasspath,implementationDependenciesMetadata,runtimeClasspath,testCompileClasspath,testImplementationDependenciesMetadata,testRuntimeClasspath
com.github.ajalt.colormath:colormath-jvm:3.6.0=compileClasspath,runtimeClasspath,testCompileClasspath,testRuntimeClasspath
com.github.ajalt.colormath:colormath:3.6.0=apiDependenciesMetadata,compileClasspath,implementationDependenciesMetadata,runtimeClasspath,testCompileClasspath,testImplementationDependenciesMetadata,testRuntimeClasspath
com.github.ajalt.mordant:mordant-core-jvm:3.0.1=compileClasspath,runtimeClasspath,testCompileClasspath,testRuntimeClasspath
com.github.ajalt.mordant:mordant-core:3.0.1=apiDependenciesMetadata,compileClasspath,implementationDependenciesMetadata,runtimeClasspath,testCompileClasspath,testImplementationDependenciesMetadata,testRuntimeClasspath
com.github.ajalt.mordant:mordant-jvm-ffm-jvm:3.0.1=runtimeClasspath,testRuntimeClasspath
com.github.ajalt.mordant:mordant-jvm-ffm:3.0.1=runtimeClasspath,testRuntimeClasspath
com.github.ajalt.mordant:mordant-jvm-graal-ffi-jvm:3.0.1=runtimeClasspath,testRuntimeClasspath
com.github.ajalt.mordant:mordant-jvm-graal-ffi:3.0.1=runtimeClasspath,testRuntimeClasspath
com.github.ajalt.mordant:mordant-jvm-jna-jvm:3.0.1=runtimeClasspath,testRuntimeClasspath
com.github.ajalt.mordant:mordant-jvm-jna:3.0.1=runtimeClasspath,testRuntimeClasspath
com.github.ajalt.mordant:mordant-jvm:3.0.1=compileClasspath,runtimeClasspath,testCompileClasspath,testRuntimeClasspath
com.github.ajalt.mordant:mordant-markdown-jvm:3.0.1=runtimeClasspath,testRuntimeClasspath
com.github.ajalt.mordant:mordant-markdown:3.0.1=runtimeClasspath,testRuntimeClasspath
com.github.ajalt.mordant:mordant:3.0.1=apiDependenciesMetadata,compileClasspath,implementationDependenciesMetadata,runtimeClasspath,testCompileClasspath,testImplementationDependenciesMetadata,testRuntimeClasspath
com.github.jknack:handlebars-helpers:4.3.1=testCompileClasspath,testImplementationDependenciesMetadata,testRuntimeClasspath
com.github.jknack:handlebars:4.3.1=testCompileClasspath,testImplementationDependenciesMetadata,testRuntimeClasspath
com.google.errorprone:error_prone_annotations:2.36.0=testCompileClasspath,testImplementationDependenciesMetadata,testRuntimeClasspath
com.google.guava:failureaccess:1.0.2=testCompileClasspath,testImplementationDependenciesMetadata,testRuntimeClasspath
com.google.guava:guava:33.4.0-jre=testCompileClasspath,testImplementationDependenciesMetadata,testRuntimeClasspath
com.google.guava:listenablefuture:9999.0-empty-to-avoid-conflict-with-guava=testCompileClasspath,testImplementationDependenciesMetadata,testRuntimeClasspath
com.google.j2objc:j2objc-annotations:3.0.0=testCompileClasspath,testImplementationDependenciesMetadata,testRuntimeClasspath
com.jayway.jsonpath:json-path:2.9.0=testCompileClasspath,testImplementationDependenciesMetadata,testRuntimeClasspath
com.networknt:json-schema-validator:1.5.5=testCompileClasspath,testImplementationDependenciesMetadata,testRuntimeClasspath
commons-fileupload:commons-fileupload:1.5=testCompileClasspath,testImplementationDependenciesMetadata,testRuntimeClasspath
commons-io:commons-io:2.11.0=testCompileClasspath,testImplementationDependenciesMetadata,testRuntimeClasspath
net.bytebuddy:byte-buddy:1.15.11=testCompileClasspath,testImplementationDependenciesMetadata,testRuntimeClasspath
net.java.dev.jna:jna:5.14.0=runtimeClasspath,testRuntimeClasspath
net.javacrumbs.json-unit:json-unit-core:2.40.1=testCompileClasspath,testImplementationDependenciesMetadata,testRuntimeClasspath
net.minidev:accessors-smart:2.5.2=testRuntimeClasspath
net.minidev:json-smart:2.5.2=testRuntimeClasspath
net.sf.jopt-simple:jopt-simple:5.0.4=testCompileClasspath,testImplementationDependenciesMetadata,testRuntimeClasspath
org.apache.httpcomponents.client5:httpclient5:5.4.2=testCompileClasspath,testImplementationDependenciesMetadata,testRuntimeClasspath
org.apache.httpcomponents.core5:httpcore5-h2:5.3.3=testCompileClasspath,testImplementationDependenciesMetadata,testRuntimeClasspath
org.apache.httpcomponents.core5:httpcore5:5.3.3=testCompileClasspath,testImplementationDependenciesMetadata,testRuntimeClasspath
org.apiguardian:apiguardian-api:1.1.2=testCompileClasspath,testImplementationDependenciesMetadata,testJdk17CompileClasspath,testJdk17ImplementationDependenciesMetadata,testRuntimeOnlyDependenciesMetadata
org.assertj:assertj-core:3.27.3=testCompileClasspath,testImplementationDependenciesMetadata,testRuntimeClasspath
org.checkerframework:checker-qual:3.43.0=testCompileClasspath,testImplementationDependenciesMetadata,testRuntimeClasspath
org.eclipse.jetty.http2:http2-common:11.0.24=testCompileClasspath,testImplementationDependenciesMetadata,testRuntimeClasspath
org.eclipse.jetty.http2:http2-hpack:11.0.24=testCompileClasspath,testImplementationDependenciesMetadata,testRuntimeClasspath
org.eclipse.jetty.http2:http2-server:11.0.24=testCompileClasspath,testImplementationDependenciesMetadata,testRuntimeClasspath
org.eclipse.jetty.toolchain:jetty-jakarta-servlet-api:5.0.2=testCompileClasspath,testImplementationDependenciesMetadata,testRuntimeClasspath
org.eclipse.jetty:jetty-alpn-client:11.0.24=testCompileClasspath,testImplementationDependenciesMetadata,testRuntimeClasspath
org.eclipse.jetty:jetty-alpn-java-client:11.0.24=testCompileClasspath,testImplementationDependenciesMetadata,testRuntimeClasspath
org.eclipse.jetty:jetty-alpn-java-server:11.0.24=testCompileClasspath,testImplementationDependenciesMetadata,testRuntimeClasspath
org.eclipse.jetty:jetty-alpn-server:11.0.24=testCompileClasspath,testImplementationDependenciesMetadata,testRuntimeClasspath
org.eclipse.jetty:jetty-bom:11.0.24=testCompileClasspath,testImplementationDependenciesMetadata,testRuntimeClasspath
org.eclipse.jetty:jetty-client:11.0.24=testCompileClasspath,testImplementationDependenciesMetadata,testRuntimeClasspath
org.eclipse.jetty:jetty-http:11.0.24=testCompileClasspath,testImplementationDependenciesMetadata,testRuntimeClasspath
org.eclipse.jetty:jetty-io:11.0.24=testCompileClasspath,testImplementationDependenciesMetadata,testRuntimeClasspath
org.eclipse.jetty:jetty-proxy:11.0.24=testCompileClasspath,testImplementationDependenciesMetadata,testRuntimeClasspath
org.eclipse.jetty:jetty-security:11.0.24=testCompileClasspath,testImplementationDependenciesMetadata,testRuntimeClasspath
org.eclipse.jetty:jetty-server:11.0.24=testCompileClasspath,testImplementationDependenciesMetadata,testRuntimeClasspath
org.eclipse.jetty:jetty-servlet:11.0.24=testCompileClasspath,testImplementationDependenciesMetadata,testRuntimeClasspath
org.eclipse.jetty:jetty-servlets:11.0.24=testCompileClasspath,testImplementationDependenciesMetadata,testRuntimeClasspath
org.eclipse.jetty:jetty-util:11.0.24=testCompileClasspath,testImplementationDependenciesMetadata,testRuntimeClasspath
org.eclipse.jetty:jetty-webapp:11.0.24=testCompileClasspath,testImplementationDependenciesMetadata,testRuntimeClasspath
org.eclipse.jetty:jetty-xml:11.0.24=testCompileClasspath,testImplementationDependenciesMetadata,testRuntimeClasspath
org.fusesource.jansi:jansi:2.4.1=compileClasspath,implementationDependenciesMetadata,runtimeClasspath,testCompileClasspath,testImplementationDependenciesMetadata,testRuntimeClasspath
org.graalvm.compiler:compiler:24.1.2=compileClasspath,compileOnlyDependenciesMetadata
org.graalvm.nativeimage:native-image-base:24.1.2=compileClasspath,compileOnlyDependenciesMetadata
org.graalvm.nativeimage:objectfile:24.1.2=compileClasspath,compileOnlyDependenciesMetadata
org.graalvm.nativeimage:pointsto:24.1.2=compileClasspath,compileOnlyDependenciesMetadata
org.graalvm.nativeimage:svm:24.1.2=compileClasspath,compileOnlyDependenciesMetadata
org.graalvm.nativeimage:truffle-runtime-svm:24.1.2=compileClasspath,compileOnlyDependenciesMetadata
org.graalvm.polyglot:polyglot:24.1.2=compileClasspath,compileOnlyDependenciesMetadata,implementationDependenciesMetadata,runtimeClasspath,testCompileClasspath,testImplementationDependenciesMetadata,testRuntimeClasspath
org.graalvm.sdk:collections:24.1.2=compileClasspath,compileOnlyDependenciesMetadata,implementationDependenciesMetadata,runtimeClasspath,testCompileClasspath,testImplementationDependenciesMetadata,testRuntimeClasspath
org.graalvm.sdk:graal-sdk:24.1.2=compileClasspath,compileOnlyDependenciesMetadata,runtimeClasspath,testRuntimeClasspath
org.graalvm.sdk:jniutils:24.1.2=compileClasspath,compileOnlyDependenciesMetadata,implementationDependenciesMetadata,runtimeClasspath,testCompileClasspath,testImplementationDependenciesMetadata,testRuntimeClasspath
org.graalvm.sdk:nativeimage:24.1.2=compileClasspath,compileOnlyDependenciesMetadata,implementationDependenciesMetadata,runtimeClasspath,testCompileClasspath,testImplementationDependenciesMetadata,testRuntimeClasspath
org.graalvm.sdk:word:24.1.2=compileClasspath,compileOnlyDependenciesMetadata,implementationDependenciesMetadata,runtimeClasspath,testCompileClasspath,testImplementationDependenciesMetadata,testRuntimeClasspath
org.graalvm.truffle:truffle-api:24.1.2=compileClasspath,compileOnlyDependenciesMetadata,implementationDependenciesMetadata,runtimeClasspath,testCompileClasspath,testImplementationDependenciesMetadata,testRuntimeClasspath
org.graalvm.truffle:truffle-compiler:24.1.2=compileClasspath,compileOnlyDependenciesMetadata,implementationDependenciesMetadata,runtimeClasspath,testCompileClasspath,testImplementationDependenciesMetadata,testRuntimeClasspath
org.graalvm.truffle:truffle-runtime:24.1.2=compileClasspath,compileOnlyDependenciesMetadata,implementationDependenciesMetadata,runtimeClasspath,testCompileClasspath,testImplementationDependenciesMetadata,testRuntimeClasspath
org.hamcrest:hamcrest-core:2.2=testCompileClasspath,testImplementationDependenciesMetadata,testRuntimeClasspath
org.hamcrest:hamcrest:2.2=testCompileClasspath,testImplementationDependenciesMetadata,testRuntimeClasspath
org.jetbrains.intellij.deps:trove4j:1.0.20200330=kotlinBuildToolsApiClasspath,kotlinCompilerClasspath,kotlinKlibCommonizerClasspath
org.jetbrains.kotlin:kotlin-build-common:2.0.21=kotlinBuildToolsApiClasspath
org.jetbrains.kotlin:kotlin-build-tools-api:2.0.21=kotlinBuildToolsApiClasspath
org.jetbrains.kotlin:kotlin-build-tools-impl:2.0.21=kotlinBuildToolsApiClasspath
org.jetbrains.kotlin:kotlin-compiler-embeddable:2.0.21=kotlinBuildToolsApiClasspath,kotlinCompilerClasspath,kotlinKlibCommonizerClasspath
org.jetbrains.kotlin:kotlin-compiler-runner:2.0.21=kotlinBuildToolsApiClasspath
org.jetbrains.kotlin:kotlin-daemon-client:2.0.21=kotlinBuildToolsApiClasspath
org.jetbrains.kotlin:kotlin-daemon-embeddable:2.0.21=kotlinBuildToolsApiClasspath,kotlinCompilerClasspath,kotlinKlibCommonizerClasspath
org.jetbrains.kotlin:kotlin-klib-commonizer-embeddable:2.0.21=kotlinKlibCommonizerClasspath
org.jetbrains.kotlin:kotlin-native-prebuilt:2.0.21=kotlinNativeBundleConfiguration
org.jetbrains.kotlin:kotlin-reflect:1.6.10=kotlinBuildToolsApiClasspath,kotlinCompilerClasspath,kotlinKlibCommonizerClasspath
org.jetbrains.kotlin:kotlin-script-runtime:2.0.21=kotlinBuildToolsApiClasspath,kotlinCompilerClasspath,kotlinCompilerPluginClasspathMain,kotlinCompilerPluginClasspathTest,kotlinCompilerPluginClasspathTestJdk17,kotlinKlibCommonizerClasspath
org.jetbrains.kotlin:kotlin-scripting-common:2.0.21=kotlinBuildToolsApiClasspath,kotlinCompilerPluginClasspathMain,kotlinCompilerPluginClasspathTest,kotlinCompilerPluginClasspathTestJdk17
org.jetbrains.kotlin:kotlin-scripting-compiler-embeddable:2.0.21=kotlinBuildToolsApiClasspath,kotlinCompilerPluginClasspathMain,kotlinCompilerPluginClasspathTest,kotlinCompilerPluginClasspathTestJdk17
org.jetbrains.kotlin:kotlin-scripting-compiler-impl-embeddable:2.0.21=kotlinBuildToolsApiClasspath,kotlinCompilerPluginClasspathMain,kotlinCompilerPluginClasspathTest,kotlinCompilerPluginClasspathTestJdk17
org.jetbrains.kotlin:kotlin-scripting-jvm:2.0.21=kotlinBuildToolsApiClasspath,kotlinCompilerPluginClasspathMain,kotlinCompilerPluginClasspathTest,kotlinCompilerPluginClasspathTestJdk17
org.jetbrains.kotlin:kotlin-stdlib-jdk7:2.0.21=apiDependenciesMetadata,compileClasspath,implementationDependenciesMetadata,runtimeClasspath,testCompileClasspath,testImplementationDependenciesMetadata,testRuntimeClasspath
org.jetbrains.kotlin:kotlin-stdlib-jdk8:2.0.21=apiDependenciesMetadata,compileClasspath,implementationDependenciesMetadata,runtimeClasspath,testCompileClasspath,testImplementationDependenciesMetadata,testRuntimeClasspath
org.jetbrains.kotlin:kotlin-stdlib:2.0.21=kotlinBuildToolsApiClasspath,kotlinCompilerClasspath,kotlinCompilerPluginClasspathMain,kotlinCompilerPluginClasspathTest,kotlinCompilerPluginClasspathTestJdk17,kotlinKlibCommonizerClasspath
org.jetbrains.kotlin:kotlin-stdlib:2.1.0=apiDependenciesMetadata,compileClasspath,implementationDependenciesMetadata,runtimeClasspath,testCompileClasspath,testImplementationDependenciesMetadata,testRuntimeClasspath
org.jetbrains.kotlinx:kotlinx-coroutines-core-jvm:1.6.4=kotlinBuildToolsApiClasspath,kotlinCompilerClasspath,kotlinKlibCommonizerClasspath
org.jetbrains:annotations:13.0=compileClasspath,kotlinBuildToolsApiClasspath,kotlinCompilerClasspath,kotlinCompilerPluginClasspathMain,kotlinCompilerPluginClasspathTest,kotlinCompilerPluginClasspathTestJdk17,kotlinKlibCommonizerClasspath,runtimeClasspath,testCompileClasspath,testRuntimeClasspath
org.jetbrains:markdown-jvm:0.7.3=runtimeClasspath,testRuntimeClasspath
org.jetbrains:markdown:0.7.3=runtimeClasspath,testRuntimeClasspath
org.jline:jline-native:3.23.0=compileClasspath,implementationDependenciesMetadata,runtimeClasspath,testCompileClasspath,testImplementationDependenciesMetadata,testRuntimeClasspath
org.jline:jline-reader:3.23.0=compileClasspath,implementationDependenciesMetadata,runtimeClasspath,testCompileClasspath,testImplementationDependenciesMetadata,testRuntimeClasspath
org.jline:jline-terminal-jansi:3.23.0=compileClasspath,implementationDependenciesMetadata,runtimeClasspath,testCompileClasspath,testImplementationDependenciesMetadata,testRuntimeClasspath
org.jline:jline-terminal:3.23.0=compileClasspath,implementationDependenciesMetadata,runtimeClasspath,testCompileClasspath,testImplementationDependenciesMetadata,testRuntimeClasspath
org.junit.jupiter:junit-jupiter-api:5.11.4=testCompileClasspath,testImplementationDependenciesMetadata,testRuntimeClasspath,testRuntimeOnlyDependenciesMetadata
org.junit.jupiter:junit-jupiter-api:5.8.2=testJdk17CompileClasspath,testJdk17ImplementationDependenciesMetadata,testJdk17RuntimeClasspath
org.junit.jupiter:junit-jupiter-engine:5.11.4=testCompileClasspath,testImplementationDependenciesMetadata,testRuntimeClasspath,testRuntimeOnlyDependenciesMetadata
org.junit.jupiter:junit-jupiter-engine:5.8.2=testJdk17RuntimeClasspath
org.junit.jupiter:junit-jupiter-params:5.11.4=testCompileClasspath,testImplementationDependenciesMetadata,testRuntimeClasspath
org.junit.jupiter:junit-jupiter-params:5.8.2=testJdk17CompileClasspath,testJdk17ImplementationDependenciesMetadata,testJdk17RuntimeClasspath
org.junit.jupiter:junit-jupiter:5.8.2=testJdk17CompileClasspath,testJdk17ImplementationDependenciesMetadata,testJdk17RuntimeClasspath
org.junit.platform:junit-platform-commons:1.11.4=testCompileClasspath,testImplementationDependenciesMetadata,testRuntimeClasspath,testRuntimeOnlyDependenciesMetadata
org.junit.platform:junit-platform-commons:1.8.2=testJdk17CompileClasspath,testJdk17ImplementationDependenciesMetadata,testJdk17RuntimeClasspath
org.junit.platform:junit-platform-engine:1.11.4=testCompileClasspath,testImplementationDependenciesMetadata,testRuntimeClasspath,testRuntimeOnlyDependenciesMetadata
org.junit.platform:junit-platform-engine:1.8.2=testJdk17RuntimeClasspath
org.junit.platform:junit-platform-launcher:1.8.2=testJdk17RuntimeClasspath
org.junit:junit-bom:5.11.4=testCompileClasspath,testImplementationDependenciesMetadata,testRuntimeClasspath,testRuntimeOnlyDependenciesMetadata
org.junit:junit-bom:5.8.2=testJdk17CompileClasspath,testJdk17ImplementationDependenciesMetadata,testJdk17RuntimeClasspath
org.msgpack:msgpack-core:0.9.8=runtimeClasspath,testRuntimeClasspath
org.opentest4j:opentest4j:1.2.0=testJdk17CompileClasspath,testJdk17ImplementationDependenciesMetadata,testJdk17RuntimeClasspath
org.opentest4j:opentest4j:1.3.0=testCompileClasspath,testImplementationDependenciesMetadata,testRuntimeClasspath,testRuntimeOnlyDependenciesMetadata
org.organicdesign:Paguro:3.10.3=runtimeClasspath,testRuntimeClasspath
org.slf4j:slf4j-api:2.0.16=testCompileClasspath,testImplementationDependenciesMetadata,testRuntimeClasspath
org.snakeyaml:snakeyaml-engine:2.9=runtimeClasspath,testRuntimeClasspath
org.wiremock:wiremock:3.12.0=testCompileClasspath,testImplementationDependenciesMetadata,testRuntimeClasspath
org.xmlunit:xmlunit-core:2.10.0=testCompileClasspath,testImplementationDependenciesMetadata,testRuntimeClasspath
org.xmlunit:xmlunit-legacy:2.10.0=testCompileClasspath,testImplementationDependenciesMetadata,testRuntimeClasspath
org.xmlunit:xmlunit-placeholders:2.10.0=testCompileClasspath,testImplementationDependenciesMetadata,testRuntimeClasspath
org.yaml:snakeyaml:2.3=testCompileClasspath,testImplementationDependenciesMetadata,testRuntimeClasspath
empty=annotationProcessor,archives,compile,intransitiveDependenciesMetadata,javaExecutable,kotlinCompilerPluginClasspath,kotlinNativeCompilerPluginClasspath,kotlinScriptDef,kotlinScriptDefExtensions,runtime,runtimeOnlyDependenciesMetadata,shadow,signatures,sourcesJar,stagedAlpineLinuxAmd64Executable,stagedLinuxAarch64Executable,stagedLinuxAmd64Executable,stagedMacAarch64Executable,stagedMacAmd64Executable,stagedWindowsAmd64Executable,testAnnotationProcessor,testApiDependenciesMetadata,testCompile,testCompileOnly,testCompileOnlyDependenciesMetadata,testIntransitiveDependenciesMetadata,testJdk17AnnotationProcessor,testJdk17ApiDependenciesMetadata,testJdk17CompileOnlyDependenciesMetadata,testJdk17IntransitiveDependenciesMetadata,testJdk17KotlinScriptDefExtensions,testKotlinScriptDef,testKotlinScriptDefExtensions,testRuntime
