# This is a Gradle generated file for dependency locking.
# Manual edits can break the build and are not advised.
# This file is expected to be part of source control.
com.ethlo.time:itu:1.8.0=testCompileClasspath,testImplementationDependenciesMetadata,testRuntimeClasspath
com.fasterxml.jackson.core:jackson-annotations:2.17.1=testCompileClasspath,testImplementationDependenciesMetadata,testRuntimeClasspath
com.fasterxml.jackson.core:jackson-core:2.17.1=testCompileClasspath,testImplementationDependenciesMetadata,testRuntimeClasspath
com.fasterxml.jackson.core:jackson-databind:2.17.1=testCompileClasspath,testImplementationDependenciesMetadata,testRuntimeClasspath
com.fasterxml.jackson.dataformat:jackson-dataformat-yaml:2.17.1=testCompileClasspath,testImplementationDependenciesMetadata,testRuntimeClasspath
com.fasterxml.jackson.datatype:jackson-datatype-jsr310:2.17.1=testCompileClasspath,testImplementationDependenciesMetadata,testRuntimeClasspath
com.fasterxml.jackson:jackson-bom:2.17.1=testCompileClasspath,testImplementationDependenciesMetadata,testRuntimeClasspath
com.github.ajalt.clikt:clikt-jvm:3.5.1=compileClasspath,default,runtimeClasspath,testCompileClasspath,testRuntimeClasspath
com.github.ajalt.clikt:clikt:3.5.1=apiDependenciesMetadata,compileClasspath,default,implementationDependenciesMetadata,runtimeClasspath,testCompileClasspath,testImplementationDependenciesMetadata,testRuntimeClasspath
com.github.jknack:handlebars-helpers:4.3.1=testCompileClasspath,testImplementationDependenciesMetadata,testRuntimeClasspath
com.github.jknack:handlebars:4.3.1=testCompileClasspath,testImplementationDependenciesMetadata,testRuntimeClasspath
com.google.errorprone:error_prone_annotations:2.26.1=testCompileClasspath,testImplementationDependenciesMetadata,testRuntimeClasspath
com.google.guava:failureaccess:1.0.2=testCompileClasspath,testImplementationDependenciesMetadata,testRuntimeClasspath
com.google.guava:guava:33.2.0-jre=testCompileClasspath,testImplementationDependenciesMetadata,testRuntimeClasspath
com.google.guava:listenablefuture:9999.0-empty-to-avoid-conflict-with-guava=testCompileClasspath,testImplementationDependenciesMetadata,testRuntimeClasspath
com.google.j2objc:j2objc-annotations:3.0.0=testCompileClasspath,testImplementationDependenciesMetadata
com.jayway.jsonpath:json-path:2.9.0=testCompileClasspath,testImplementationDependenciesMetadata,testRuntimeClasspath
com.networknt:json-schema-validator:1.4.0=testCompileClasspath,testImplementationDependenciesMetadata,testRuntimeClasspath
com.tunnelvisionlabs:antlr4-runtime:4.9.0=default,runtimeClasspath,testRuntimeClasspath
commons-fileupload:commons-fileupload:1.5=testCompileClasspath,testImplementationDependenciesMetadata,testRuntimeClasspath
commons-io:commons-io:2.11.0=testCompileClasspath,testImplementationDependenciesMetadata,testRuntimeClasspath
net.bytebuddy:byte-buddy:1.14.16=testCompileClasspath,testImplementationDependenciesMetadata,testRuntimeClasspath
net.java.dev.jna:jna:5.6.0=kotlinCompilerClasspath,kotlinKlibCommonizerClasspath
net.javacrumbs.json-unit:json-unit-core:2.38.0=testCompileClasspath,testImplementationDependenciesMetadata,testRuntimeClasspath
net.minidev:accessors-smart:2.5.1=testRuntimeClasspath
net.minidev:json-smart:2.5.1=testRuntimeClasspath
net.sf.jopt-simple:jopt-simple:5.0.4=testCompileClasspath,testImplementationDependenciesMetadata,testRuntimeClasspath
org.apache.httpcomponents.client5:httpclient5:5.3.1=testCompileClasspath,testImplementationDependenciesMetadata,testRuntimeClasspath
org.apache.httpcomponents.core5:httpcore5-h2:5.2.4=testCompileClasspath,testImplementationDependenciesMetadata,testRuntimeClasspath
org.apache.httpcomponents.core5:httpcore5:5.2.4=testCompileClasspath,testImplementationDependenciesMetadata,testRuntimeClasspath
org.apiguardian:apiguardian-api:1.1.2=testCompileClasspath,testImplementationDependenciesMetadata,testRuntimeOnlyDependenciesMetadata
org.assertj:assertj-core:3.26.0=testCompileClasspath,testImplementationDependenciesMetadata,testRuntimeClasspath
org.checkerframework:checker-qual:3.42.0=testCompileClasspath,testImplementationDependenciesMetadata,testRuntimeClasspath
org.eclipse.jetty.http2:http2-common:11.0.20=testCompileClasspath,testImplementationDependenciesMetadata,testRuntimeClasspath
org.eclipse.jetty.http2:http2-hpack:11.0.20=testCompileClasspath,testImplementationDependenciesMetadata,testRuntimeClasspath
org.eclipse.jetty.http2:http2-server:11.0.20=testCompileClasspath,testImplementationDependenciesMetadata,testRuntimeClasspath
org.eclipse.jetty.toolchain:jetty-jakarta-servlet-api:5.0.2=testCompileClasspath,testImplementationDependenciesMetadata,testRuntimeClasspath
org.eclipse.jetty:jetty-alpn-client:11.0.20=testCompileClasspath,testImplementationDependenciesMetadata,testRuntimeClasspath
org.eclipse.jetty:jetty-alpn-java-client:11.0.20=testCompileClasspath,testImplementationDependenciesMetadata,testRuntimeClasspath
org.eclipse.jetty:jetty-alpn-java-server:11.0.20=testCompileClasspath,testImplementationDependenciesMetadata,testRuntimeClasspath
org.eclipse.jetty:jetty-alpn-server:11.0.20=testCompileClasspath,testImplementationDependenciesMetadata,testRuntimeClasspath
org.eclipse.jetty:jetty-bom:11.0.20=testCompileClasspath,testImplementationDependenciesMetadata,testRuntimeClasspath
org.eclipse.jetty:jetty-client:11.0.20=testCompileClasspath,testImplementationDependenciesMetadata,testRuntimeClasspath
org.eclipse.jetty:jetty-http:11.0.20=testCompileClasspath,testImplementationDependenciesMetadata,testRuntimeClasspath
org.eclipse.jetty:jetty-io:11.0.20=testCompileClasspath,testImplementationDependenciesMetadata,testRuntimeClasspath
org.eclipse.jetty:jetty-proxy:11.0.20=testCompileClasspath,testImplementationDependenciesMetadata,testRuntimeClasspath
org.eclipse.jetty:jetty-security:11.0.20=testCompileClasspath,testImplementationDependenciesMetadata,testRuntimeClasspath
org.eclipse.jetty:jetty-server:11.0.20=testCompileClasspath,testImplementationDependenciesMetadata,testRuntimeClasspath
org.eclipse.jetty:jetty-servlet:11.0.20=testCompileClasspath,testImplementationDependenciesMetadata,testRuntimeClasspath
org.eclipse.jetty:jetty-servlets:11.0.20=testCompileClasspath,testImplementationDependenciesMetadata,testRuntimeClasspath
org.eclipse.jetty:jetty-util:11.0.20=testCompileClasspath,testImplementationDependenciesMetadata,testRuntimeClasspath
org.eclipse.jetty:jetty-webapp:11.0.20=testCompileClasspath,testImplementationDependenciesMetadata,testRuntimeClasspath
org.eclipse.jetty:jetty-xml:11.0.20=testCompileClasspath,testImplementationDependenciesMetadata,testRuntimeClasspath
org.fusesource.jansi:jansi:2.4.0=default
org.fusesource.jansi:jansi:2.4.1=compileClasspath,implementationDependenciesMetadata,runtimeClasspath,testCompileClasspath,testImplementationDependenciesMetadata,testRuntimeClasspath
org.graalvm.compiler:compiler:23.0.2=compileClasspath,compileOnlyDependenciesMetadata
org.graalvm.nativeimage:native-image-base:23.0.2=compileClasspath,compileOnlyDependenciesMetadata
org.graalvm.nativeimage:objectfile:23.0.2=compileClasspath,compileOnlyDependenciesMetadata
org.graalvm.nativeimage:pointsto:23.0.2=compileClasspath,compileOnlyDependenciesMetadata
org.graalvm.nativeimage:svm:23.0.2=compileClasspath,compileOnlyDependenciesMetadata
org.graalvm.sdk:graal-sdk:23.0.2=compileClasspath,compileOnlyDependenciesMetadata,default,runtimeClasspath,testRuntimeClasspath
org.graalvm.truffle:truffle-api:23.0.2=compileClasspath,compileOnlyDependenciesMetadata,default,runtimeClasspath,testRuntimeClasspath
org.hamcrest:hamcrest-core:2.2=testCompileClasspath,testImplementationDependenciesMetadata,testRuntimeClasspath
org.hamcrest:hamcrest:2.2=testCompileClasspath,testImplementationDependenciesMetadata,testRuntimeClasspath
org.jetbrains.intellij.deps:trove4j:1.0.20200330=kotlinCompilerClasspath,kotlinKlibCommonizerClasspath
org.jetbrains.kotlin:kotlin-compiler-embeddable:1.7.10=kotlinCompilerClasspath,kotlinKlibCommonizerClasspath
org.jetbrains.kotlin:kotlin-daemon-embeddable:1.7.10=kotlinCompilerClasspath,kotlinKlibCommonizerClasspath
org.jetbrains.kotlin:kotlin-klib-commonizer-embeddable:1.7.10=kotlinKlibCommonizerClasspath
org.jetbrains.kotlin:kotlin-reflect:1.7.10=kotlinCompilerClasspath,kotlinKlibCommonizerClasspath
org.jetbrains.kotlin:kotlin-script-runtime:1.7.10=kotlinCompilerClasspath,kotlinCompilerPluginClasspathMain,kotlinCompilerPluginClasspathTest,kotlinKlibCommonizerClasspath
org.jetbrains.kotlin:kotlin-scripting-common:1.7.10=kotlinCompilerPluginClasspathMain,kotlinCompilerPluginClasspathTest
org.jetbrains.kotlin:kotlin-scripting-compiler-embeddable:1.7.10=kotlinCompilerPluginClasspathMain,kotlinCompilerPluginClasspathTest
org.jetbrains.kotlin:kotlin-scripting-compiler-impl-embeddable:1.7.10=kotlinCompilerPluginClasspathMain,kotlinCompilerPluginClasspathTest
org.jetbrains.kotlin:kotlin-scripting-jvm:1.7.10=kotlinCompilerPluginClasspathMain,kotlinCompilerPluginClasspathTest
org.jetbrains.kotlin:kotlin-stdlib-common:1.7.10=apiDependenciesMetadata,compileClasspath,default,implementationDependenciesMetadata,kotlinCompilerClasspath,kotlinCompilerPluginClasspathMain,kotlinCompilerPluginClasspathTest,kotlinKlibCommonizerClasspath,runtimeClasspath,testCompileClasspath,testImplementationDependenciesMetadata,testRuntimeClasspath
org.jetbrains.kotlin:kotlin-stdlib-jdk7:1.7.10=apiDependenciesMetadata,compileClasspath,default,implementationDependenciesMetadata,runtimeClasspath,testCompileClasspath,testImplementationDependenciesMetadata,testRuntimeClasspath
org.jetbrains.kotlin:kotlin-stdlib-jdk8:1.7.10=apiDependenciesMetadata,compileClasspath,default,implementationDependenciesMetadata,runtimeClasspath,testCompileClasspath,testImplementationDependenciesMetadata,testRuntimeClasspath
org.jetbrains.kotlin:kotlin-stdlib:1.7.10=apiDependenciesMetadata,compileClasspath,default,implementationDependenciesMetadata,kotlinCompilerClasspath,kotlinCompilerPluginClasspathMain,kotlinCompilerPluginClasspathTest,kotlinKlibCommonizerClasspath,runtimeClasspath,testCompileClasspath,testImplementationDependenciesMetadata,testRuntimeClasspath
org.jetbrains:annotations:13.0=apiDependenciesMetadata,compileClasspath,default,implementationDependenciesMetadata,kotlinCompilerClasspath,kotlinCompilerPluginClasspathMain,kotlinCompilerPluginClasspathTest,kotlinKlibCommonizerClasspath,runtimeClasspath,testCompileClasspath,testImplementationDependenciesMetadata,testRuntimeClasspath
org.jline:jline-native:3.23.0=compileClasspath,default,implementationDependenciesMetadata,runtimeClasspath,testCompileClasspath,testImplementationDependenciesMetadata,testRuntimeClasspath
org.jline:jline-reader:3.23.0=compileClasspath,default,implementationDependenciesMetadata,runtimeClasspath,testCompileClasspath,testImplementationDependenciesMetadata,testRuntimeClasspath
org.jline:jline-terminal-jansi:3.23.0=compileClasspath,default,implementationDependenciesMetadata,runtimeClasspath,testCompileClasspath,testImplementationDependenciesMetadata,testRuntimeClasspath
org.jline:jline-terminal:3.23.0=compileClasspath,default,implementationDependenciesMetadata,runtimeClasspath,testCompileClasspath,testImplementationDependenciesMetadata,testRuntimeClasspath
org.junit.jupiter:junit-jupiter-api:5.10.2=testCompileClasspath,testImplementationDependenciesMetadata,testRuntimeClasspath,testRuntimeOnlyDependenciesMetadata
org.junit.jupiter:junit-jupiter-engine:5.10.2=testCompileClasspath,testImplementationDependenciesMetadata,testRuntimeClasspath,testRuntimeOnlyDependenciesMetadata
org.junit.jupiter:junit-jupiter-params:5.10.2=testCompileClasspath,testImplementationDependenciesMetadata,testRuntimeClasspath
org.junit.platform:junit-platform-commons:1.10.2=testCompileClasspath,testImplementationDependenciesMetadata,testRuntimeClasspath,testRuntimeOnlyDependenciesMetadata
org.junit.platform:junit-platform-engine:1.10.2=testCompileClasspath,testImplementationDependenciesMetadata,testRuntimeClasspath,testRuntimeOnlyDependenciesMetadata
org.junit:junit-bom:5.10.2=testCompileClasspath,testImplementationDependenciesMetadata,testRuntimeClasspath,testRuntimeOnlyDependenciesMetadata
org.msgpack:msgpack-core:0.9.0=default,runtimeClasspath,testRuntimeClasspath
org.opentest4j:opentest4j:1.3.0=testCompileClasspath,testImplementationDependenciesMetadata,testRuntimeClasspath,testRuntimeOnlyDependenciesMetadata
org.organicdesign:Paguro:3.10.3=default,runtimeClasspath,testRuntimeClasspath
org.slf4j:slf4j-api:2.0.11=testRuntimeClasspath
org.slf4j:slf4j-api:2.0.9=testCompileClasspath,testImplementationDependenciesMetadata
org.snakeyaml:snakeyaml-engine:2.5=default,runtimeClasspath,testRuntimeClasspath
org.wiremock:wiremock:3.6.0=testCompileClasspath,testImplementationDependenciesMetadata,testRuntimeClasspath
org.xmlunit:xmlunit-core:2.10.0=testCompileClasspath,testImplementationDependenciesMetadata,testRuntimeClasspath
org.xmlunit:xmlunit-legacy:2.10.0=testCompileClasspath,testImplementationDependenciesMetadata,testRuntimeClasspath
org.xmlunit:xmlunit-placeholders:2.10.0=testCompileClasspath,testImplementationDependenciesMetadata,testRuntimeClasspath
org.yaml:snakeyaml:2.2=testCompileClasspath,testImplementationDependenciesMetadata,testRuntimeClasspath
empty=annotationProcessor,archives,compile,intransitiveDependenciesMetadata,javaExecutable,kotlinCompilerPluginClasspath,kotlinNativeCompilerPluginClasspath,kotlinScriptDef,kotlinScriptDefExtensions,runtime,runtimeOnlyDependenciesMetadata,shadow,signatures,sourcesJar,stagedAlpineLinuxAmd64Executable,stagedLinuxAarch64Executable,stagedLinuxAmd64Executable,stagedMacAarch64Executable,stagedMacAmd64Executable,stagedWindowsAmd64Executable,testAnnotationProcessor,testApiDependenciesMetadata,testCompile,testCompileOnly,testCompileOnlyDependenciesMetadata,testIntransitiveDependenciesMetadata,testKotlinScriptDef,testKotlinScriptDefExtensions,testRuntime
