# This is a Gradle generated file for dependency locking.
# Manual edits can break the build and are not advised.
# This file is expected to be part of source control.
com.adarshr:gradle-test-logger-plugin:4.0.0=buildScriptClasspath,compileClasspath,implementationDependenciesMetadata,runtimeClasspath,testCompileClasspath,testImplementationDependenciesMetadata,testRuntimeClasspath
com.bnorm.power:kotlin-power-assert-plugin:0.13.0=buildScriptClasspath,compileClasspath,implementationDependenciesMetadata,runtimeClasspath,testCompileClasspath,testImplementationDependenciesMetadata,testRuntimeClasspath
com.diffplug.durian:durian-collect:1.2.0=buildScriptClasspath,runtimeClasspath,testRuntimeClasspath
com.diffplug.durian:durian-core:1.2.0=buildScriptClasspath,runtimeClasspath,testRuntimeClasspath
com.diffplug.durian:durian-io:1.2.0=buildScriptClasspath,runtimeClasspath,testRuntimeClasspath
com.diffplug.durian:durian-swt.os:4.2.2=runtimeClasspath,testRuntimeClasspath
com.diffplug.spotless:spotless-lib-extra:2.30.0=buildScriptClasspath
com.diffplug.spotless:spotless-lib-extra:2.45.0=compileClasspath,implementationDependenciesMetadata,runtimeClasspath,testCompileClasspath,testImplementationDependenciesMetadata,testRuntimeClasspath
com.diffplug.spotless:spotless-lib:2.30.0=buildScriptClasspath
com.diffplug.spotless:spotless-lib:2.45.0=compileClasspath,implementationDependenciesMetadata,runtimeClasspath,testCompileClasspath,testImplementationDependenciesMetadata,testRuntimeClasspath
com.diffplug.spotless:spotless-plugin-gradle:6.11.0=buildScriptClasspath
com.diffplug.spotless:spotless-plugin-gradle:6.25.0=compileClasspath,implementationDependenciesMetadata,runtimeClasspath,testCompileClasspath,testImplementationDependenciesMetadata,testRuntimeClasspath
com.github.johnrengelman:shadow:8.1.1=compileClasspath,implementationDependenciesMetadata,runtimeClasspath,testCompileClasspath,testImplementationDependenciesMetadata,testRuntimeClasspath
com.googlecode.concurrent-trees:concurrent-trees:2.6.1=buildScriptClasspath,runtimeClasspath,testRuntimeClasspath
com.googlecode.javaewah:JavaEWAH:1.1.13=buildScriptClasspath
com.googlecode.javaewah:JavaEWAH:1.2.3=runtimeClasspath,testRuntimeClasspath
com.squareup.okhttp3:okhttp:4.12.0=runtimeClasspath,testRuntimeClasspath
com.squareup.okio:okio-jvm:3.6.0=runtimeClasspath,testRuntimeClasspath
com.squareup.okio:okio:3.6.0=runtimeClasspath,testRuntimeClasspath
commons-codec:commons-codec:1.16.0=runtimeClasspath,testRuntimeClasspath
commons-io:commons-io:2.11.0=buildScriptClasspath
commons-io:commons-io:2.15.1=runtimeClasspath,testRuntimeClasspath
de.undercouch:gradle-download-task:4.1.2=buildScriptClasspath,compileClasspath,implementationDependenciesMetadata,runtimeClasspath,testCompileClasspath,testImplementationDependenciesMetadata,testRuntimeClasspath
dev.equo.ide:solstice:1.7.5=runtimeClasspath,testRuntimeClasspath
gradle.plugin.com.github.johnrengelman:shadow:7.1.0=buildScriptClasspath
io.gitlab.arturbosch.detekt:detekt-gradle-plugin:1.23.5=buildScriptClasspath,compileClasspath,implementationDependenciesMetadata,runtimeClasspath,testCompileClasspath,testImplementationDependenciesMetadata,testRuntimeClasspath
org.apache.ant:ant-launcher:1.10.11=buildScriptClasspath
org.apache.ant:ant-launcher:1.10.13=runtimeClasspath,testRuntimeClasspath
org.apache.ant:ant:1.10.11=buildScriptClasspath
org.apache.ant:ant:1.10.13=runtimeClasspath,testRuntimeClasspath
org.apache.logging.log4j:log4j-api:2.17.1=buildScriptClasspath
org.apache.logging.log4j:log4j-api:2.20.0=runtimeClasspath,testRuntimeClasspath
org.apache.logging.log4j:log4j-core:2.17.1=buildScriptClasspath
org.apache.logging.log4j:log4j-core:2.20.0=runtimeClasspath,testRuntimeClasspath
org.codehaus.groovy:groovy-xml:3.0.10=buildScriptClasspath
org.codehaus.groovy:groovy:3.0.10=buildScriptClasspath
org.codehaus.plexus:plexus-utils:3.4.1=buildScriptClasspath
org.codehaus.plexus:plexus-utils:3.5.1=runtimeClasspath,testRuntimeClasspath
org.eclipse.jgit:org.eclipse.jgit:5.13.1.202206130422-r=buildScriptClasspath
org.eclipse.jgit:org.eclipse.jgit:6.7.0.202309050840-r=runtimeClasspath,testRuntimeClasspath
org.eclipse.platform:org.eclipse.osgi:3.18.300=runtimeClasspath,testRuntimeClasspath
org.fusesource.jansi:jansi:2.4.0=buildScriptClasspath,runtimeClasspath,testRuntimeClasspath
org.jdom:jdom2:2.0.6=buildScriptClasspath
org.jdom:jdom2:2.0.6.1=runtimeClasspath,testRuntimeClasspath
org.jetbrains.intellij.deps:trove4j:1.0.20200330=buildScriptClasspath,kotlinBuildToolsApiClasspath,kotlinCompilerClasspath,kotlinKlibCommonizerClasspath,runtimeClasspath,testRuntimeClasspath
org.jetbrains.kotlin:kotlin-assignment-compiler-plugin-embeddable:1.9.20=kotlinCompilerPluginClasspathMain,kotlinCompilerPluginClasspathTest
org.jetbrains.kotlin:kotlin-build-common:1.9.20=kotlinBuildToolsApiClasspath
org.jetbrains.kotlin:kotlin-build-tools-api:1.9.20=kotlinBuildToolsApiClasspath
org.jetbrains.kotlin:kotlin-build-tools-api:1.9.22=buildScriptClasspath,runtimeClasspath,testRuntimeClasspath
org.jetbrains.kotlin:kotlin-build-tools-impl:1.9.20=kotlinBuildToolsApiClasspath
org.jetbrains.kotlin:kotlin-compiler-embeddable:1.9.20=kotlinBuildToolsApiClasspath,kotlinCompilerClasspath,kotlinKlibCommonizerClasspath
org.jetbrains.kotlin:kotlin-compiler-embeddable:1.9.22=buildScriptClasspath,runtimeClasspath,testRuntimeClasspath
org.jetbrains.kotlin:kotlin-compiler-runner:1.9.20=kotlinBuildToolsApiClasspath
org.jetbrains.kotlin:kotlin-compiler-runner:1.9.22=buildScriptClasspath,runtimeClasspath,testRuntimeClasspath
org.jetbrains.kotlin:kotlin-daemon-client:1.9.20=kotlinBuildToolsApiClasspath
org.jetbrains.kotlin:kotlin-daemon-client:1.9.22=buildScriptClasspath,runtimeClasspath,testRuntimeClasspath
org.jetbrains.kotlin:kotlin-daemon-embeddable:1.9.20=kotlinBuildToolsApiClasspath,kotlinCompilerClasspath,kotlinKlibCommonizerClasspath
org.jetbrains.kotlin:kotlin-daemon-embeddable:1.9.22=buildScriptClasspath,runtimeClasspath,testRuntimeClasspath
org.jetbrains.kotlin:kotlin-gradle-plugin-annotations:1.9.22=buildScriptClasspath,compileClasspath,implementationDependenciesMetadata,runtimeClasspath,testCompileClasspath,testImplementationDependenciesMetadata,testRuntimeClasspath
org.jetbrains.kotlin:kotlin-gradle-plugin-api:1.9.22=buildScriptClasspath,compileClasspath,implementationDependenciesMetadata,runtimeClasspath,testCompileClasspath,testImplementationDependenciesMetadata,testRuntimeClasspath
org.jetbrains.kotlin:kotlin-gradle-plugin-idea-proto:1.9.22=buildScriptClasspath,runtimeClasspath,testRuntimeClasspath
org.jetbrains.kotlin:kotlin-gradle-plugin-idea:1.9.22=buildScriptClasspath,runtimeClasspath,testRuntimeClasspath
org.jetbrains.kotlin:kotlin-gradle-plugin-model:1.9.22=buildScriptClasspath,compileClasspath,implementationDependenciesMetadata,runtimeClasspath,testCompileClasspath,testImplementationDependenciesMetadata,testRuntimeClasspath
org.jetbrains.kotlin:kotlin-gradle-plugin:1.9.22=buildScriptClasspath,compileClasspath,implementationDependenciesMetadata,runtimeClasspath,testCompileClasspath,testImplementationDependenciesMetadata,testRuntimeClasspath
org.jetbrains.kotlin:kotlin-gradle-plugins-bom:1.9.22=buildScriptClasspath,compileClasspath,implementationDependenciesMetadata,runtimeClasspath,testCompileClasspath,testImplementationDependenciesMetadata,testRuntimeClasspath
org.jetbrains.kotlin:kotlin-klib-commonizer-api:1.9.22=buildScriptClasspath,runtimeClasspath,testRuntimeClasspath
org.jetbrains.kotlin:kotlin-klib-commonizer-embeddable:1.9.20=kotlinKlibCommonizerClasspath
org.jetbrains.kotlin:kotlin-native-utils:1.9.22=buildScriptClasspath,compileClasspath,implementationDependenciesMetadata,runtimeClasspath,testCompileClasspath,testImplementationDependenciesMetadata,testRuntimeClasspath
org.jetbrains.kotlin:kotlin-project-model:1.9.22=buildScriptClasspath,compileClasspath,implementationDependenciesMetadata,runtimeClasspath,testCompileClasspath,testImplementationDependenciesMetadata,testRuntimeClasspath
org.jetbrains.kotlin:kotlin-reflect:1.6.10=kotlinBuildToolsApiClasspath,kotlinCompilerClasspath,kotlinKlibCommonizerClasspath
org.jetbrains.kotlin:kotlin-reflect:1.9.20=compileClasspath,compileOnlyDependenciesMetadata,embeddedKotlin,testCompileClasspath,testImplementationDependenciesMetadata,testRuntimeClasspath
org.jetbrains.kotlin:kotlin-sam-with-receiver-compiler-plugin-embeddable:1.9.20=kotlinCompilerPluginClasspathMain,kotlinCompilerPluginClasspathTest
org.jetbrains.kotlin:kotlin-script-runtime:1.9.20=kotlinBuildToolsApiClasspath,kotlinCompilerClasspath,kotlinCompilerPluginClasspathMain,kotlinCompilerPluginClasspathTest,kotlinKlibCommonizerClasspath
org.jetbrains.kotlin:kotlin-scripting-common:1.9.20=kotlinCompilerPluginClasspathMain,kotlinCompilerPluginClasspathTest
org.jetbrains.kotlin:kotlin-scripting-common:1.9.22=buildScriptClasspath,runtimeClasspath,testRuntimeClasspath
org.jetbrains.kotlin:kotlin-scripting-compiler-embeddable:1.9.20=kotlinCompilerPluginClasspathMain,kotlinCompilerPluginClasspathTest
org.jetbrains.kotlin:kotlin-scripting-compiler-embeddable:1.9.22=buildScriptClasspath,runtimeClasspath,testRuntimeClasspath
org.jetbrains.kotlin:kotlin-scripting-compiler-impl-embeddable:1.9.20=kotlinCompilerPluginClasspathMain,kotlinCompilerPluginClasspathTest
org.jetbrains.kotlin:kotlin-scripting-compiler-impl-embeddable:1.9.22=buildScriptClasspath,runtimeClasspath,testRuntimeClasspath
org.jetbrains.kotlin:kotlin-scripting-jvm:1.9.20=kotlinCompilerPluginClasspathMain,kotlinCompilerPluginClasspathTest
org.jetbrains.kotlin:kotlin-scripting-jvm:1.9.22=buildScriptClasspath,runtimeClasspath,testRuntimeClasspath
org.jetbrains.kotlin:kotlin-serialization:1.9.22=compileClasspath,runtimeClasspath
org.jetbrains.kotlin:kotlin-stdlib-common:1.9.22=runtimeClasspath,testRuntimeClasspath
org.jetbrains.kotlin:kotlin-stdlib-jdk7:1.8.20=buildScriptClasspath,compileClasspath,implementationDependenciesMetadata,testCompileClasspath,testImplementationDependenciesMetadata
org.jetbrains.kotlin:kotlin-stdlib-jdk7:1.9.10=runtimeClasspath,testRuntimeClasspath
org.jetbrains.kotlin:kotlin-stdlib-jdk8:1.8.20=buildScriptClasspath,compileClasspath,implementationDependenciesMetadata,testCompileClasspath,testImplementationDependenciesMetadata
org.jetbrains.kotlin:kotlin-stdlib-jdk8:1.9.10=runtimeClasspath,testRuntimeClasspath
org.jetbrains.kotlin:kotlin-stdlib:1.9.20=compileOnlyDependenciesMetadata,embeddedKotlin,kotlinBuildToolsApiClasspath,kotlinCompilerClasspath,kotlinCompilerPluginClasspathMain,kotlinCompilerPluginClasspathTest,kotlinKlibCommonizerClasspath
org.jetbrains.kotlin:kotlin-stdlib:1.9.22=buildScriptClasspath,compileClasspath,implementationDependenciesMetadata,runtimeClasspath,testCompileClasspath,testImplementationDependenciesMetadata,testRuntimeClasspath
org.jetbrains.kotlin:kotlin-tooling-core:1.9.22=buildScriptClasspath,compileClasspath,implementationDependenciesMetadata,runtimeClasspath,testCompileClasspath,testImplementationDependenciesMetadata,testRuntimeClasspath
org.jetbrains.kotlin:kotlin-util-io:1.9.22=buildScriptClasspath,compileClasspath,implementationDependenciesMetadata,runtimeClasspath,testCompileClasspath,testImplementationDependenciesMetadata,testRuntimeClasspath
org.jetbrains.kotlin:kotlin-util-klib:1.9.22=buildScriptClasspath,compileClasspath,implementationDependenciesMetadata,runtimeClasspath,testCompileClasspath,testImplementationDependenciesMetadata,testRuntimeClasspath
org.jetbrains.kotlinx:kotlinx-coroutines-core-jvm:1.5.0=buildScriptClasspath,kotlinBuildToolsApiClasspath,runtimeClasspath,testRuntimeClasspath
org.jetbrains.kotlinx:kover-gradle-plugin:0.7.6=buildScriptClasspath,compileClasspath,implementationDependenciesMetadata,runtimeClasspath,testCompileClasspath,testImplementationDependenciesMetadata,testRuntimeClasspath
org.jetbrains:annotations:13.0=buildScriptClasspath,compileClasspath,embeddedKotlin,kotlinBuildToolsApiClasspath,kotlinCompilerClasspath,kotlinCompilerPluginClasspathMain,kotlinCompilerPluginClasspathTest,kotlinKlibCommonizerClasspath,runtimeClasspath,testCompileClasspath,testRuntimeClasspath
org.ow2.asm:asm-analysis:9.2=buildScriptClasspath
org.ow2.asm:asm-commons:9.2=buildScriptClasspath
org.ow2.asm:asm-commons:9.4=runtimeClasspath,testRuntimeClasspath
org.ow2.asm:asm-tree:9.2=buildScriptClasspath
org.ow2.asm:asm-tree:9.4=runtimeClasspath,testRuntimeClasspath
org.ow2.asm:asm:9.2=buildScriptClasspath
org.ow2.asm:asm:9.4=runtimeClasspath,testRuntimeClasspath
org.slf4j:slf4j-api:1.7.30=buildScriptClasspath
org.slf4j:slf4j-api:1.7.36=runtimeClasspath,testRuntimeClasspath
org.tukaani:xz:1.9=runtimeClasspath,testRuntimeClasspath
org.vafer:jdependency:2.7.0=buildScriptClasspath
org.vafer:jdependency:2.8.0=runtimeClasspath,testRuntimeClasspath
empty=annotationProcessor,apiDependenciesMetadata,intransitiveDependenciesMetadata,kotlinCompilerPluginClasspath,kotlinNativeCompilerPluginClasspath,kotlinScriptDef,kotlinScriptDefExtensions,testAnnotationProcessor,testApiDependenciesMetadata,testCompileOnlyDependenciesMetadata,testIntransitiveDependenciesMetadata,testKotlinScriptDef,testKotlinScriptDefExtensions
