# This is a Gradle generated file for dependency locking.
# Manual edits can break the build and are not advised.
# This file is expected to be part of source control.
com.github.ajalt.clikt:clikt-core-jvm:5.0.3=compileClasspath,runtimeClasspath,testCompileClasspath,testRuntimeClasspath
com.github.ajalt.clikt:clikt-core:5.0.3=compileClasspath,runtimeClasspath,testCompileClasspath,testRuntimeClasspath
com.github.ajalt.clikt:clikt-jvm:5.0.3=compileClasspath,runtimeClasspath,testCompileClasspath,testRuntimeClasspath
com.github.ajalt.clikt:clikt-markdown-jvm:5.0.3=runtimeClasspath,testRuntimeClasspath
com.github.ajalt.clikt:clikt-markdown:5.0.3=runtimeClasspath,testRuntimeClasspath
com.github.ajalt.clikt:clikt:5.0.3=compileClasspath,runtimeClasspath,testCompileClasspath,testRuntimeClasspath
com.github.ajalt.colormath:colormath-jvm:3.6.0=compileClasspath,runtimeClasspath,testCompileClasspath,testRuntimeClasspath
com.github.ajalt.colormath:colormath:3.6.0=compileClasspath,runtimeClasspath,testCompileClasspath,testRuntimeClasspath
com.github.ajalt.mordant:mordant-core-jvm:3.0.1=compileClasspath,runtimeClasspath,testCompileClasspath,testRuntimeClasspath
com.github.ajalt.mordant:mordant-core:3.0.1=compileClasspath,runtimeClasspath,testCompileClasspath,testRuntimeClasspath
com.github.ajalt.mordant:mordant-jvm-ffm-jvm:3.0.1=runtimeClasspath,testRuntimeClasspath
com.github.ajalt.mordant:mordant-jvm-ffm:3.0.1=runtimeClasspath,testRuntimeClasspath
com.github.ajalt.mordant:mordant-jvm-graal-ffi-jvm:3.0.1=runtimeClasspath,testRuntimeClasspath
com.github.ajalt.mordant:mordant-jvm-graal-ffi:3.0.1=runtimeClasspath,testRuntimeClasspath
com.github.ajalt.mordant:mordant-jvm-jna-jvm:3.0.1=runtimeClasspath,testRuntimeClasspath
com.github.ajalt.mordant:mordant-jvm-jna:3.0.1=runtimeClasspath,testRuntimeClasspath
com.github.ajalt.mordant:mordant-jvm:3.0.1=compileClasspath,runtimeClasspath,testCompileClasspath,testRuntimeClasspath
com.github.ajalt.mordant:mordant-markdown-jvm:3.0.1=runtimeClasspath,testRuntimeClasspath
com.github.ajalt.mordant:mordant-markdown:3.0.1=runtimeClasspath,testRuntimeClasspath
com.github.ajalt.mordant:mordant:3.0.1=compileClasspath,runtimeClasspath,testCompileClasspath,testRuntimeClasspath
com.palantir.javapoet:javapoet:0.7.0=runtimeClasspath,testRuntimeClasspath
com.squareup:kotlinpoet:1.6.0=runtimeClasspath,testRuntimeClasspath
io.leangen.geantyref:geantyref:1.3.16=runtimeClasspath,testRuntimeClasspath
net.java.dev.jna:jna:5.14.0=runtimeClasspath,testRuntimeClasspath
org.commonmark:commonmark-ext-gfm-tables:0.26.0=runtimeClasspath,testRuntimeClasspath
org.commonmark:commonmark:0.26.0=runtimeClasspath,testRuntimeClasspath
org.fusesource.jansi:jansi:2.4.2=runtimeClasspath,testRuntimeClasspath
org.graalvm.polyglot:polyglot:25.0.0=runtimeClasspath,testRuntimeClasspath
org.graalvm.sdk:collections:25.0.0=runtimeClasspath,testRuntimeClasspath
org.graalvm.sdk:graal-sdk:25.0.0=runtimeClasspath,testRuntimeClasspath
org.graalvm.sdk:jniutils:25.0.0=runtimeClasspath,testRuntimeClasspath
org.graalvm.sdk:nativeimage:25.0.0=runtimeClasspath,testRuntimeClasspath
org.graalvm.sdk:word:25.0.0=runtimeClasspath,testRuntimeClasspath
org.graalvm.truffle:truffle-api:25.0.0=runtimeClasspath,testRuntimeClasspath
org.graalvm.truffle:truffle-compiler:25.0.0=runtimeClasspath,testRuntimeClasspath
org.graalvm.truffle:truffle-runtime:25.0.0=runtimeClasspath,testRuntimeClasspath
org.jetbrains.kotlin:kotlin-reflect:2.2.20=runtimeClasspath,testRuntimeClasspath
org.jetbrains.kotlin:kotlin-stdlib-jdk7:2.2.20=compileClasspath,runtimeClasspath,testCompileClasspath,testRuntimeClasspath
org.jetbrains.kotlin:kotlin-stdlib-jdk8:2.2.20=compileClasspath,runtimeClasspath,testCompileClasspath,testRuntimeClasspath
org.jetbrains.kotlin:kotlin-stdlib:2.2.20=compileClasspath,runtimeClasspath,testCompileClasspath,testRuntimeClasspath
org.jetbrains.kotlinx:kotlinx-coroutines-bom:1.10.2=runtimeClasspath,testRuntimeClasspath
org.jetbrains.kotlinx:kotlinx-coroutines-core-jvm:1.10.2=runtimeClasspath,testRuntimeClasspath
org.jetbrains.kotlinx:kotlinx-coroutines-core:1.10.2=runtimeClasspath,testRuntimeClasspath
org.jetbrains.kotlinx:kotlinx-html-jvm:0.11.0=runtimeClasspath,testRuntimeClasspath
org.jetbrains.kotlinx:kotlinx-serialization-bom:1.8.0=runtimeClasspath,testRuntimeClasspath
org.jetbrains.kotlinx:kotlinx-serialization-core-jvm:1.8.0=runtimeClasspath,testRuntimeClasspath
org.jetbrains.kotlinx:kotlinx-serialization-core:1.8.0=runtimeClasspath,testRuntimeClasspath
org.jetbrains.kotlinx:kotlinx-serialization-json-jvm:1.8.0=runtimeClasspath,testRuntimeClasspath
org.jetbrains.kotlinx:kotlinx-serialization-json:1.8.0=runtimeClasspath,testRuntimeClasspath
org.jetbrains:annotations:13.0=compileClasspath,testCompileClasspath
org.jetbrains:annotations:23.0.0=runtimeClasspath,testRuntimeClasspath
org.jetbrains:markdown-jvm:0.7.3=runtimeClasspath,testRuntimeClasspath
org.jetbrains:markdown:0.7.3=runtimeClasspath,testRuntimeClasspath
org.jline:jline-native:3.23.0=runtimeClasspath,testRuntimeClasspath
org.jline:jline-reader:3.23.0=runtimeClasspath,testRuntimeClasspath
org.jline:jline-terminal-jansi:3.23.0=runtimeClasspath,testRuntimeClasspath
org.jline:jline-terminal:3.23.0=runtimeClasspath,testRuntimeClasspath
org.msgpack:msgpack-core:0.9.8=runtimeClasspath,testRuntimeClasspath
org.organicdesign:Paguro:3.10.3=runtimeClasspath,testRuntimeClasspath
org.snakeyaml:snakeyaml-engine:2.10=runtimeClasspath,testRuntimeClasspath
empty=annotationProcessor,fatJar,firstPartySourcesJars,placeholderAnnotationProcessor,placeholderCompileClasspath,placeholderRuntimeClasspath,shadow,signatures,testAnnotationProcessor
