# This is a Gradle generated file for dependency locking.
# Manual edits can break the build and are not advised.
# This file is expected to be part of source control.
com.github.ajalt.clikt:clikt-jvm:3.5.4=compileClasspath,runtimeClasspath,testCompileClasspath,testRuntimeClasspath
com.github.ajalt.clikt:clikt:3.5.4=compileClasspath,runtimeClasspath,testCompileClasspath,testRuntimeClasspath
com.squareup:javapoet:1.13.0=runtimeClasspath,testRuntimeClasspath
com.squareup:kotlinpoet:1.6.0=runtimeClasspath,testRuntimeClasspath
com.tunnelvisionlabs:antlr4-runtime:4.9.0=runtimeClasspath,testRuntimeClasspath
io.leangen.geantyref:geantyref:1.3.16=runtimeClasspath,testRuntimeClasspath
org.commonmark:commonmark-ext-gfm-tables:0.23.0=runtimeClasspath,testRuntimeClasspath
org.commonmark:commonmark:0.23.0=runtimeClasspath,testRuntimeClasspath
org.fusesource.jansi:jansi:2.4.1=runtimeClasspath,testRuntimeClasspath
org.graalvm.sdk:graal-sdk:23.0.2=runtimeClasspath,testRuntimeClasspath
org.graalvm.truffle:truffle-api:23.0.2=runtimeClasspath,testRuntimeClasspath
org.jetbrains.kotlin:kotlin-reflect:1.7.10=runtimeClasspath,testRuntimeClasspath
org.jetbrains.kotlin:kotlin-stdlib-common:1.8.22=compileClasspath,runtimeClasspath,testCompileClasspath,testRuntimeClasspath
org.jetbrains.kotlin:kotlin-stdlib-jdk7:1.8.22=compileClasspath,runtimeClasspath,testCompileClasspath,testRuntimeClasspath
org.jetbrains.kotlin:kotlin-stdlib-jdk8:1.8.22=compileClasspath,runtimeClasspath,testCompileClasspath,testRuntimeClasspath
org.jetbrains.kotlin:kotlin-stdlib:1.8.22=compileClasspath,runtimeClasspath,testCompileClasspath,testRuntimeClasspath
org.jetbrains.kotlinx:kotlinx-html-jvm:0.8.1=runtimeClasspath,testRuntimeClasspath
org.jetbrains.kotlinx:kotlinx-serialization-bom:1.5.1=runtimeClasspath,testRuntimeClasspath
org.jetbrains.kotlinx:kotlinx-serialization-core-jvm:1.5.1=runtimeClasspath,testRuntimeClasspath
org.jetbrains.kotlinx:kotlinx-serialization-core:1.5.1=runtimeClasspath,testRuntimeClasspath
org.jetbrains.kotlinx:kotlinx-serialization-json-jvm:1.5.1=runtimeClasspath,testRuntimeClasspath
org.jetbrains.kotlinx:kotlinx-serialization-json:1.5.1=runtimeClasspath,testRuntimeClasspath
org.jetbrains:annotations:13.0=compileClasspath,runtimeClasspath,testCompileClasspath,testRuntimeClasspath
org.jline:jline-native:3.23.0=runtimeClasspath,testRuntimeClasspath
org.jline:jline-reader:3.23.0=runtimeClasspath,testRuntimeClasspath
org.jline:jline-terminal-jansi:3.23.0=runtimeClasspath,testRuntimeClasspath
org.jline:jline-terminal:3.23.0=runtimeClasspath,testRuntimeClasspath
org.organicdesign:Paguro:3.10.3=runtimeClasspath,testRuntimeClasspath
org.snakeyaml:snakeyaml-engine:2.5=runtimeClasspath,testRuntimeClasspath
empty=annotationProcessor,dummyAnnotationProcessor,dummyCompileClasspath,dummyRuntimeClasspath,fatJar,firstPartySourcesJars,shadow,signatures,testAnnotationProcessor
