# This is a Gradle generated file for dependency locking.
# Manual edits can break the build and are not advised.
# This file is expected to be part of source control.
com.github.ajalt.clikt:clikt-jvm:3.5.1=pkldoc
com.github.ajalt.clikt:clikt:3.5.1=pkldoc
com.tunnelvisionlabs:antlr4-runtime:4.9.0=pkldoc
org.commonmark:commonmark-ext-gfm-tables:0.21.0=pkldoc
org.commonmark:commonmark:0.21.0=pkldoc
org.graalvm.sdk:graal-sdk:22.3.3=pkldoc
org.graalvm.truffle:truffle-api:22.3.3=pkldoc
org.jetbrains.kotlin:kotlin-stdlib-common:1.7.10=pkldoc
org.jetbrains.kotlin:kotlin-stdlib-jdk7:1.7.10=pkldoc
org.jetbrains.kotlin:kotlin-stdlib-jdk8:1.7.10=pkldoc
org.jetbrains.kotlin:kotlin-stdlib:1.7.10=pkldoc
org.jetbrains.kotlinx:kotlinx-html-jvm:0.8.1=pkldoc
org.jetbrains.kotlinx:kotlinx-serialization-bom:1.5.1=pkldoc
org.jetbrains.kotlinx:kotlinx-serialization-core-jvm:1.5.1=pkldoc
org.jetbrains.kotlinx:kotlinx-serialization-core:1.5.1=pkldoc
org.jetbrains.kotlinx:kotlinx-serialization-json-jvm:1.5.1=pkldoc
org.jetbrains.kotlinx:kotlinx-serialization-json:1.5.1=pkldoc
org.jetbrains:annotations:13.0=pkldoc
org.organicdesign:Paguro:3.10.3=pkldoc
org.snakeyaml:snakeyaml-engine:2.5=pkldoc
empty=archives,default,signatures
