# This is a Gradle generated file for dependency locking.
# Manual edits can break the build and are not advised.
# This file is expected to be part of source control.
com.tunnelvisionlabs:antlr4-runtime:4.9.0=compileClasspath
org.graalvm.polyglot:polyglot:23.1.2=compileClasspath
org.graalvm.sdk:collections:23.1.2=compileClasspath
org.graalvm.sdk:nativeimage:23.1.2=compileClasspath
org.graalvm.sdk:word:23.1.2=compileClasspath
org.graalvm.truffle:truffle-api:23.1.2=compileClasspath
org.jetbrains.intellij.deps:trove4j:1.0.20200330=kotlinCompilerClasspath
org.jetbrains.kotlin:kotlin-compiler-embeddable:1.9.22=kotlinCompilerClasspath
org.jetbrains.kotlin:kotlin-daemon-embeddable:1.9.22=kotlinCompilerClasspath
org.jetbrains.kotlin:kotlin-reflect:1.6.10=kotlinCompilerClasspath
org.jetbrains.kotlin:kotlin-script-runtime:1.9.22=kotlinCompilerClasspath
org.jetbrains.kotlin:kotlin-stdlib-jdk7:1.9.22=compileClasspath
org.jetbrains.kotlin:kotlin-stdlib-jdk8:1.9.22=compileClasspath
org.jetbrains.kotlin:kotlin-stdlib:1.9.22=compileClasspath,kotlinCompilerClasspath
org.jetbrains:annotations:13.0=compileClasspath,kotlinCompilerClasspath
org.msgpack:msgpack-core:0.9.8=compileClasspath
empty=annotationProcessor
