# This is a Gradle generated file for dependency locking.
# Manual edits can break the build and are not advised.
# This file is expected to be part of source control.
bundledModule:intellij-platform-test-runtime:IC-252.26830.84=intellijPlatformTestRuntimeFixClasspath
bundledModule:intellij.libraries.ai.grazie.spell.gec.engine.local:IC-252.26830.84=compileClasspath,compileOnlyDependenciesMetadata,intellijPlatformBundledPlugins,intellijPlatformDependencies,intellijPlatformTestBundledPlugins,intellijPlatformTestClasspath,intellijPlatformTestDependencies,testCompileClasspath,testCompileOnlyDependenciesMetadata
bundledModule:intellij.libraries.lucene.common:IC-252.26830.84=compileClasspath,compileOnlyDependenciesMetadata,intellijPlatformBundledPlugins,intellijPlatformDependencies,intellijPlatformTestBundledPlugins,intellijPlatformTestClasspath,intellijPlatformTestDependencies,testCompileClasspath,testCompileOnlyDependenciesMetadata
bundledModule:intellij.libraries.microba:IC-252.26830.84=compileClasspath,compileOnlyDependenciesMetadata,intellijPlatformBundledPlugins,intellijPlatformDependencies,intellijPlatformTestBundledPlugins,intellijPlatformTestClasspath,intellijPlatformTestDependencies,testCompileClasspath,testCompileOnlyDependenciesMetadata
bundledModule:intellij.platform.backend:IC-252.26830.84=compileClasspath,compileOnlyDependenciesMetadata,intellijPlatformBundledPlugins,intellijPlatformDependencies,intellijPlatformTestBundledPlugins,intellijPlatformTestClasspath,intellijPlatformTestDependencies,testCompileClasspath,testCompileOnlyDependenciesMetadata
bundledModule:intellij.platform.vcs.impl.lang:IC-252.26830.84=compileClasspath,compileOnlyDependenciesMetadata,intellijPlatformBundledPlugins,intellijPlatformDependencies,intellijPlatformTestBundledPlugins,intellijPlatformTestClasspath,intellijPlatformTestDependencies,testCompileClasspath,testCompileOnlyDependenciesMetadata
bundledModule:intellij.platform.vcs.impl.shared:IC-252.26830.84=compileClasspath,compileOnlyDependenciesMetadata,intellijPlatformBundledPlugins,intellijPlatformDependencies,intellijPlatformTestBundledPlugins,intellijPlatformTestClasspath,intellijPlatformTestDependencies,testCompileClasspath,testCompileOnlyDependenciesMetadata
bundledModule:intellij.platform.vcs.impl:IC-252.26830.84=compileClasspath,compileOnlyDependenciesMetadata,intellijPlatformBundledPlugins,intellijPlatformDependencies,intellijPlatformTestBundledPlugins,intellijPlatformTestClasspath,intellijPlatformTestDependencies,testCompileClasspath,testCompileOnlyDependenciesMetadata
bundledModule:intellij.spellchecker:IC-252.26830.84=compileClasspath,compileOnlyDependenciesMetadata,intellijPlatformBundledPlugins,intellijPlatformDependencies,intellijPlatformTestBundledPlugins,intellijPlatformTestClasspath,intellijPlatformTestDependencies,testCompileClasspath,testCompileOnlyDependenciesMetadata
bundledPlugin:JUnit:IC-252.26830.84=compileClasspath,compileOnlyDependenciesMetadata,intellijPlatformBundledPlugins,intellijPlatformDependencies,intellijPlatformTestBundledPlugins,intellijPlatformTestClasspath,intellijPlatformTestDependencies,testCompileClasspath,testCompileOnlyDependenciesMetadata
bundledPlugin:com.intellij.gradle:IC-252.26830.84=compileClasspath,compileOnlyDependenciesMetadata,intellijPlatformBundledPlugins,intellijPlatformDependencies,intellijPlatformTestBundledPlugins,intellijPlatformTestClasspath,intellijPlatformTestDependencies,testCompileClasspath,testCompileOnlyDependenciesMetadata
bundledPlugin:com.intellij.java:IC-252.26830.84=compileClasspath,compileOnlyDependenciesMetadata,intellijPlatformBundledPlugins,intellijPlatformDependencies,intellijPlatformTestBundledPlugins,intellijPlatformTestClasspath,intellijPlatformTestDependencies,testCompileClasspath,testCompileOnlyDependenciesMetadata
bundledPlugin:org.jetbrains.plugins.gradle:IC-252.26830.84=compileClasspath,compileOnlyDependenciesMetadata,intellijPlatformBundledPlugins,intellijPlatformDependencies,intellijPlatformTestBundledPlugins,intellijPlatformTestClasspath,intellijPlatformTestDependencies,testCompileClasspath,testCompileOnlyDependenciesMetadata
com.github.ben-manes.caffeine:caffeine:2.9.3=swiftExportClasspathResolvable
com.google.errorprone:error_prone_annotations:2.28.0=swiftExportClasspathResolvable
com.jetbrains.intellij.java:java-compiler-ant-tasks:252.26830.84=intellijPlatformJavaCompiler
com.jetbrains.intellij.java:java-compiler-instrumentation-util-java8:252.26830.84=intellijPlatformJavaCompiler
com.jetbrains.intellij.java:java-compiler-instrumentation-util:252.26830.84=intellijPlatformJavaCompiler
com.jetbrains.intellij.java:java-gui-forms-compiler:252.26830.84=intellijPlatformJavaCompiler
com.jetbrains.intellij.java:java-gui-forms-rt:252.26830.84=intellijPlatformJavaCompiler
com.jetbrains.intellij.platform:util-jdom:252.26830.84=intellijPlatformJavaCompiler
com.jgoodies:forms:1.1-preview=intellijPlatformJavaCompiler
idea:ideaIC:2025.2.3=compileClasspath,compileOnlyDependenciesMetadata,intellijPlatformClasspath,intellijPlatformDependency,intellijPlatformDependencyArchive,intellijPlatformTestClasspath,testCompileClasspath,testCompileOnlyDependenciesMetadata
io.github.java-diff-utils:java-diff-utils:4.12=kotlinInternalAbiValidation
io.opentelemetry:opentelemetry-api:1.41.0=swiftExportClasspathResolvable
io.opentelemetry:opentelemetry-context:1.41.0=swiftExportClasspathResolvable
jaxen:jaxen:1.2.0=intellijPlatformJavaCompiler
org.bouncycastle:bcpg-jdk18on:1.80=kotlinBouncyCastleConfiguration
org.bouncycastle:bcpkix-jdk18on:1.80=kotlinBouncyCastleConfiguration
org.bouncycastle:bcprov-jdk18on:1.80=kotlinBouncyCastleConfiguration
org.bouncycastle:bcutil-jdk18on:1.80=kotlinBouncyCastleConfiguration
org.checkerframework:checker-qual:3.43.0=swiftExportClasspathResolvable
org.jetbrains.intellij.deps:asm-all:9.6.1=intellijPlatformJavaCompiler
org.jetbrains.intellij.plugins:verifier-cli:1.402=intellijPluginVerifier
org.jetbrains.kotlin:abi-tools-api:2.2.21=kotlinInternalAbiValidation
org.jetbrains.kotlin:abi-tools:2.2.21=kotlinInternalAbiValidation
org.jetbrains.kotlin:kotlin-build-tools-api:2.2.21=kotlinBuildToolsApiClasspath
org.jetbrains.kotlin:kotlin-build-tools-impl:2.2.21=kotlinBuildToolsApiClasspath
org.jetbrains.kotlin:kotlin-compiler-embeddable:2.2.21=kotlinBuildToolsApiClasspath,kotlinCompilerClasspath,kotlinInternalAbiValidation,kotlinKlibCommonizerClasspath,swiftExportClasspathResolvable
org.jetbrains.kotlin:kotlin-compiler-runner:2.2.21=kotlinBuildToolsApiClasspath
org.jetbrains.kotlin:kotlin-daemon-client:2.2.21=kotlinBuildToolsApiClasspath
org.jetbrains.kotlin:kotlin-daemon-embeddable:2.2.21=kotlinBuildToolsApiClasspath,kotlinCompilerClasspath,kotlinInternalAbiValidation,kotlinKlibCommonizerClasspath,swiftExportClasspathResolvable
org.jetbrains.kotlin:kotlin-klib-commonizer-embeddable:2.2.21=kotlinKlibCommonizerClasspath
org.jetbrains.kotlin:kotlin-metadata-jvm:2.2.21=kotlinInternalAbiValidation
org.jetbrains.kotlin:kotlin-reflect:2.2.21=kotlinBuildToolsApiClasspath,kotlinCompilerClasspath,kotlinInternalAbiValidation,kotlinKlibCommonizerClasspath,swiftExportClasspathResolvable
org.jetbrains.kotlin:kotlin-script-runtime:2.2.21=kotlinBuildToolsApiClasspath,kotlinCompilerClasspath,kotlinCompilerPluginClasspathMain,kotlinCompilerPluginClasspathTest,kotlinInternalAbiValidation,kotlinKlibCommonizerClasspath,swiftExportClasspathResolvable
org.jetbrains.kotlin:kotlin-scripting-common:2.2.21=kotlinBuildToolsApiClasspath,kotlinCompilerPluginClasspathMain,kotlinCompilerPluginClasspathTest
org.jetbrains.kotlin:kotlin-scripting-compiler-embeddable:2.2.21=kotlinBuildToolsApiClasspath,kotlinCompilerPluginClasspathMain,kotlinCompilerPluginClasspathTest
org.jetbrains.kotlin:kotlin-scripting-compiler-impl-embeddable:2.2.21=kotlinBuildToolsApiClasspath,kotlinCompilerPluginClasspathMain,kotlinCompilerPluginClasspathTest
org.jetbrains.kotlin:kotlin-scripting-jvm:2.2.21=kotlinBuildToolsApiClasspath,kotlinCompilerPluginClasspathMain,kotlinCompilerPluginClasspathTest
org.jetbrains.kotlin:kotlin-stdlib:2.2.21=kotlinBuildToolsApiClasspath,kotlinCompilerClasspath,kotlinCompilerPluginClasspathMain,kotlinCompilerPluginClasspathTest,kotlinInternalAbiValidation,kotlinKlibCommonizerClasspath,swiftExportClasspathResolvable
org.jetbrains.kotlin:swift-export-embeddable:2.2.21=swiftExportClasspathResolvable
org.jetbrains.kotlinx:kotlinx-coroutines-core-jvm:1.8.0=kotlinBuildToolsApiClasspath,kotlinCompilerClasspath,kotlinInternalAbiValidation,kotlinKlibCommonizerClasspath,swiftExportClasspathResolvable
org.jetbrains.kotlinx:kotlinx-serialization-bom:1.7.3=swiftExportClasspathResolvable
org.jetbrains.kotlinx:kotlinx-serialization-core-jvm:1.7.3=swiftExportClasspathResolvable
org.jetbrains.kotlinx:kotlinx-serialization-core:1.7.3=swiftExportClasspathResolvable
org.jetbrains:annotations:13.0=kotlinBuildToolsApiClasspath,kotlinCompilerClasspath,kotlinCompilerPluginClasspathMain,kotlinCompilerPluginClasspathTest,kotlinInternalAbiValidation,kotlinKlibCommonizerClasspath,swiftExportClasspathResolvable
org.jetbrains:annotations:26.0.2=intellijPlatformJavaCompiler
org.jetbrains:marketplace-zip-signer:0.1.43=marketplaceZipSigner
empty=annotationProcessor,apiDependenciesMetadata,implementationDependenciesMetadata,intellijPlatformBundledModules,intellijPlatformComposedJar,intellijPlatformLocal,intellijPlatformPlugin,intellijPlatformPluginComposedModule,intellijPlatformPluginDependency,intellijPlatformPluginLocal,intellijPlatformPluginModule,intellijPlatformRuntimeClasspath,intellijPlatformTestBundledModules,intellijPlatformTestPlugin,intellijPlatformTestPluginDependency,intellijPlatformTestPluginLocal,intellijPlatformTestRuntimeClasspath,intellijPluginVerifierIdes,intellijPluginVerifierIdesDependency,intellijPluginVerifierIdesLocalInstance,intransitiveDependenciesMetadata,jetbrainsRuntime,jetbrainsRuntimeDependency,jetbrainsRuntimeLocalInstance,kotlinCompilerPluginClasspath,kotlinNativeCompilerPluginClasspath,kotlinScriptDefExtensions,runtimeClasspath,testAnnotationProcessor,testApiDependenciesMetadata,testImplementationDependenciesMetadata,testIntransitiveDependenciesMetadata,testKotlinScriptDefExtensions,testRuntimeClasspath
