# This is a Gradle generated file for dependency locking.
# Manual edits can break the build and are not advised.
# This file is expected to be part of source control.
com.github.ajalt.clikt:clikt-jvm:3.5.1=compileClasspath,runtimeClasspath,testCompileClasspath,testRuntimeClasspath
com.github.ajalt.clikt:clikt:3.5.1=compileClasspath,runtimeClasspath,testCompileClasspath,testRuntimeClasspath
com.google.code.findbugs:jsr305:3.0.2=testCompileClasspath,testRuntimeClasspath
com.google.errorprone:error_prone_annotations:2.18.0=testCompileClasspath,testRuntimeClasspath
com.google.guava:failureaccess:1.0.1=testCompileClasspath,testRuntimeClasspath
com.google.guava:guava-parent:32.1.1-jre=testCompileClasspath,testRuntimeClasspath
com.google.guava:guava:32.1.1-jre=testCompileClasspath,testRuntimeClasspath
com.google.j2objc:j2objc-annotations:2.8=testCompileClasspath
com.google.jimfs:jimfs:1.3.0=testCompileClasspath,testRuntimeClasspath
com.tunnelvisionlabs:antlr4-runtime:4.9.0=runtimeClasspath,testRuntimeClasspath
net.bytebuddy:byte-buddy:1.14.11=testCompileClasspath,testRuntimeClasspath
org.apiguardian:apiguardian-api:1.1.2=testCompileClasspath
org.assertj:assertj-core:3.25.3=testCompileClasspath,testRuntimeClasspath
org.checkerframework:checker-qual:3.33.0=testCompileClasspath,testRuntimeClasspath
org.commonmark:commonmark-ext-gfm-tables:0.21.0=compileClasspath,runtimeClasspath,testCompileClasspath,testRuntimeClasspath
org.commonmark:commonmark:0.21.0=compileClasspath,runtimeClasspath,testCompileClasspath,testRuntimeClasspath
org.graalvm.js:js-language:23.1.2=testCompileClasspath,testRuntimeClasspath
org.graalvm.polyglot:polyglot:23.1.2=runtimeClasspath,testCompileClasspath,testRuntimeClasspath
org.graalvm.regex:regex:23.1.2=testCompileClasspath,testRuntimeClasspath
org.graalvm.sdk:collections:23.1.2=runtimeClasspath,testCompileClasspath,testRuntimeClasspath
org.graalvm.sdk:graal-sdk:23.1.2=runtimeClasspath,testCompileClasspath,testRuntimeClasspath
org.graalvm.sdk:nativeimage:23.1.2=runtimeClasspath,testCompileClasspath,testRuntimeClasspath
org.graalvm.sdk:word:23.1.2=runtimeClasspath,testCompileClasspath,testRuntimeClasspath
org.graalvm.shadowed:icu4j:23.1.2=testCompileClasspath,testRuntimeClasspath
org.graalvm.truffle:truffle-api:23.1.2=runtimeClasspath,testCompileClasspath,testRuntimeClasspath
org.jetbrains.intellij.deps:trove4j:1.0.20200330=kotlinCompilerClasspath,kotlinKlibCommonizerClasspath
org.jetbrains.kotlin:kotlin-compiler-embeddable:1.9.22=kotlinCompilerClasspath,kotlinKlibCommonizerClasspath
org.jetbrains.kotlin:kotlin-daemon-embeddable:1.9.22=kotlinCompilerClasspath,kotlinKlibCommonizerClasspath
org.jetbrains.kotlin:kotlin-klib-commonizer-embeddable:1.9.22=kotlinKlibCommonizerClasspath
org.jetbrains.kotlin:kotlin-reflect:1.6.10=kotlinCompilerClasspath,kotlinKlibCommonizerClasspath
org.jetbrains.kotlin:kotlin-script-runtime:1.9.22=kotlinCompilerClasspath,kotlinKlibCommonizerClasspath
org.jetbrains.kotlin:kotlin-stdlib-jdk7:1.9.22=compileClasspath,runtimeClasspath,testCompileClasspath,testRuntimeClasspath
org.jetbrains.kotlin:kotlin-stdlib-jdk8:1.9.22=compileClasspath,runtimeClasspath,testCompileClasspath,testRuntimeClasspath
org.jetbrains.kotlin:kotlin-stdlib:1.9.22=compileClasspath,kotlinCompilerClasspath,kotlinKlibCommonizerClasspath,runtimeClasspath,testCompileClasspath,testRuntimeClasspath
org.jetbrains.kotlin:kotlin-test-junit5:1.9.22=testCompileClasspath,testRuntimeClasspath
org.jetbrains.kotlin:kotlin-test:1.9.22=testCompileClasspath,testRuntimeClasspath
org.jetbrains.kotlinx:kotlinx-html-jvm:0.11.0=compileClasspath,runtimeClasspath,testCompileClasspath,testRuntimeClasspath
org.jetbrains.kotlinx:kotlinx-serialization-bom:1.6.3=compileClasspath,runtimeClasspath,testCompileClasspath,testRuntimeClasspath
org.jetbrains.kotlinx:kotlinx-serialization-core-jvm:1.6.3=compileClasspath,runtimeClasspath,testCompileClasspath,testRuntimeClasspath
org.jetbrains.kotlinx:kotlinx-serialization-core:1.6.3=compileClasspath,runtimeClasspath,testCompileClasspath,testRuntimeClasspath
org.jetbrains.kotlinx:kotlinx-serialization-json-jvm:1.6.3=compileClasspath,runtimeClasspath,testCompileClasspath,testRuntimeClasspath
org.jetbrains.kotlinx:kotlinx-serialization-json:1.6.3=compileClasspath,runtimeClasspath,testCompileClasspath,testRuntimeClasspath
org.jetbrains:annotations:13.0=compileClasspath,kotlinCompilerClasspath,kotlinKlibCommonizerClasspath,runtimeClasspath,testCompileClasspath,testRuntimeClasspath
org.junit.jupiter:junit-jupiter-api:5.10.2=testCompileClasspath,testRuntimeClasspath
org.junit.jupiter:junit-jupiter-engine:5.10.2=testCompileClasspath,testRuntimeClasspath
org.junit.jupiter:junit-jupiter-params:5.10.2=testCompileClasspath,testRuntimeClasspath
org.junit.platform:junit-platform-commons:1.10.2=testCompileClasspath,testRuntimeClasspath
org.junit.platform:junit-platform-engine:1.10.2=testCompileClasspath,testRuntimeClasspath
org.junit.platform:junit-platform-launcher:1.10.2=testRuntimeClasspath
org.junit:junit-bom:5.10.2=testCompileClasspath,testRuntimeClasspath
org.opentest4j:opentest4j:1.3.0=testCompileClasspath,testRuntimeClasspath
org.organicdesign:Paguro:3.10.3=runtimeClasspath,testRuntimeClasspath
org.snakeyaml:snakeyaml-engine:2.5=runtimeClasspath,testRuntimeClasspath
empty=annotationProcessor
