# This is a Gradle generated file for dependency locking.
# Manual edits can break the build and are not advised.
# This file is expected to be part of source control.
org.graalvm.compiler:compiler:23.1.2=graal
org.graalvm.polyglot:polyglot:23.1.2=truffle
org.graalvm.sdk:collections:23.1.2=graal,truffle
org.graalvm.sdk:nativeimage:23.1.2=truffle
org.graalvm.sdk:word:23.1.2=graal,truffle
org.graalvm.truffle:truffle-api:23.1.2=truffle
org.graalvm.truffle:truffle-compiler:23.1.2=graal
empty=annotationProcessor,compileClasspath,runtimeClasspath
