# This is a Gradle generated file for dependency locking.
# Manual edits can break the build and are not advised.
# This file is expected to be part of source control.
com.tunnelvisionlabs:antlr4-runtime:4.9.0=jmh,jmhCompileClasspath,jmhImplementationDependenciesMetadata,jmhRuntimeClasspath
net.bytebuddy:byte-buddy:1.14.16=testCompileClasspath,testImplementationDependenciesMetadata,testRuntimeClasspath
net.java.dev.jna:jna:5.6.0=kotlinCompilerClasspath,kotlinKlibCommonizerClasspath
net.sf.jopt-simple:jopt-simple:5.0.4=jmh,jmhCompileClasspath,jmhImplementationDependenciesMetadata,jmhRuntimeClasspath
org.apache.commons:commons-math3:3.6.1=jmh,jmhCompileClasspath,jmhImplementationDependenciesMetadata,jmhRuntimeClasspath
org.apiguardian:apiguardian-api:1.1.2=testCompileClasspath,testImplementationDependenciesMetadata,testRuntimeOnlyDependenciesMetadata
org.assertj:assertj-core:3.26.0=testCompileClasspath,testImplementationDependenciesMetadata,testRuntimeClasspath
org.fusesource.jansi:jansi:2.4.1=jmh,jmhRuntimeClasspath
org.graalvm.compiler:compiler:23.0.2=graal
org.graalvm.sdk:graal-sdk:23.0.2=graal,jmh,jmhRuntimeClasspath,truffle
org.graalvm.truffle:truffle-api:23.0.2=graal,jmh,jmhRuntimeClasspath,truffle
org.jetbrains.intellij.deps:trove4j:1.0.20200330=kotlinCompilerClasspath,kotlinKlibCommonizerClasspath
org.jetbrains.kotlin:kotlin-compiler-embeddable:1.7.10=kotlinCompilerClasspath,kotlinKlibCommonizerClasspath
org.jetbrains.kotlin:kotlin-daemon-embeddable:1.7.10=kotlinCompilerClasspath,kotlinKlibCommonizerClasspath
org.jetbrains.kotlin:kotlin-klib-commonizer-embeddable:1.7.10=kotlinKlibCommonizerClasspath
org.jetbrains.kotlin:kotlin-reflect:1.7.10=kotlinCompilerClasspath,kotlinKlibCommonizerClasspath
org.jetbrains.kotlin:kotlin-script-runtime:1.7.10=kotlinCompilerClasspath,kotlinCompilerPluginClasspathJmh,kotlinCompilerPluginClasspathMain,kotlinCompilerPluginClasspathTest,kotlinKlibCommonizerClasspath
org.jetbrains.kotlin:kotlin-scripting-common:1.7.10=kotlinCompilerPluginClasspathJmh,kotlinCompilerPluginClasspathMain,kotlinCompilerPluginClasspathTest
org.jetbrains.kotlin:kotlin-scripting-compiler-embeddable:1.7.10=kotlinCompilerPluginClasspathJmh,kotlinCompilerPluginClasspathMain,kotlinCompilerPluginClasspathTest
org.jetbrains.kotlin:kotlin-scripting-compiler-impl-embeddable:1.7.10=kotlinCompilerPluginClasspathJmh,kotlinCompilerPluginClasspathMain,kotlinCompilerPluginClasspathTest
org.jetbrains.kotlin:kotlin-scripting-jvm:1.7.10=kotlinCompilerPluginClasspathJmh,kotlinCompilerPluginClasspathMain,kotlinCompilerPluginClasspathTest
org.jetbrains.kotlin:kotlin-stdlib-common:1.7.10=kotlinCompilerClasspath,kotlinCompilerPluginClasspathJmh,kotlinCompilerPluginClasspathMain,kotlinCompilerPluginClasspathTest,kotlinKlibCommonizerClasspath,testCompileClasspath,testImplementationDependenciesMetadata,testRuntimeClasspath
org.jetbrains.kotlin:kotlin-stdlib-jdk7:1.7.10=testCompileClasspath,testImplementationDependenciesMetadata,testRuntimeClasspath
org.jetbrains.kotlin:kotlin-stdlib-jdk8:1.7.10=testCompileClasspath,testImplementationDependenciesMetadata,testRuntimeClasspath
org.jetbrains.kotlin:kotlin-stdlib:1.7.10=kotlinCompilerClasspath,kotlinCompilerPluginClasspathJmh,kotlinCompilerPluginClasspathMain,kotlinCompilerPluginClasspathTest,kotlinKlibCommonizerClasspath,testCompileClasspath,testImplementationDependenciesMetadata,testRuntimeClasspath
org.jetbrains:annotations:13.0=kotlinCompilerClasspath,kotlinCompilerPluginClasspathJmh,kotlinCompilerPluginClasspathMain,kotlinCompilerPluginClasspathTest,kotlinKlibCommonizerClasspath,testCompileClasspath,testImplementationDependenciesMetadata,testRuntimeClasspath
org.junit.jupiter:junit-jupiter-api:5.10.2=testCompileClasspath,testImplementationDependenciesMetadata,testRuntimeClasspath,testRuntimeOnlyDependenciesMetadata
org.junit.jupiter:junit-jupiter-engine:5.10.2=testRuntimeClasspath,testRuntimeOnlyDependenciesMetadata
org.junit.jupiter:junit-jupiter-params:5.10.2=testCompileClasspath,testImplementationDependenciesMetadata,testRuntimeClasspath
org.junit.platform:junit-platform-commons:1.10.2=testCompileClasspath,testImplementationDependenciesMetadata,testRuntimeClasspath,testRuntimeOnlyDependenciesMetadata
org.junit.platform:junit-platform-engine:1.10.2=testRuntimeClasspath,testRuntimeOnlyDependenciesMetadata
org.junit:junit-bom:5.10.2=testCompileClasspath,testImplementationDependenciesMetadata,testRuntimeClasspath,testRuntimeOnlyDependenciesMetadata
org.openjdk.jmh:jmh-core:1.37=jmh,jmhCompileClasspath,jmhImplementationDependenciesMetadata,jmhRuntimeClasspath
org.openjdk.jmh:jmh-generator-asm:1.37=jmh,jmhCompileClasspath,jmhImplementationDependenciesMetadata,jmhRuntimeClasspath
org.openjdk.jmh:jmh-generator-bytecode:1.37=jmh,jmhCompileClasspath,jmhImplementationDependenciesMetadata,jmhRuntimeClasspath
org.openjdk.jmh:jmh-generator-reflection:1.37=jmh,jmhCompileClasspath,jmhImplementationDependenciesMetadata,jmhRuntimeClasspath
org.opentest4j:opentest4j:1.3.0=testCompileClasspath,testImplementationDependenciesMetadata,testRuntimeClasspath,testRuntimeOnlyDependenciesMetadata
org.organicdesign:Paguro:3.10.3=jmh,jmhRuntimeClasspath
org.ow2.asm:asm:9.0=jmh,jmhCompileClasspath,jmhImplementationDependenciesMetadata,jmhRuntimeClasspath
org.snakeyaml:snakeyaml-engine:2.5=jmh,jmhRuntimeClasspath
empty=annotationProcessor,apiDependenciesMetadata,archives,compile,compileClasspath,compileOnly,compileOnlyDependenciesMetadata,default,implementationDependenciesMetadata,intransitiveDependenciesMetadata,jmhAnnotationProcessor,jmhApiDependenciesMetadata,jmhCompile,jmhCompileOnly,jmhCompileOnlyDependenciesMetadata,jmhIntransitiveDependenciesMetadata,jmhKotlinScriptDef,jmhKotlinScriptDefExtensions,jmhRuntime,jmhRuntimeOnlyDependenciesMetadata,kotlinCompilerPluginClasspath,kotlinNativeCompilerPluginClasspath,kotlinScriptDef,kotlinScriptDefExtensions,runtime,runtimeClasspath,runtimeOnlyDependenciesMetadata,sourcesJar,testAnnotationProcessor,testApiDependenciesMetadata,testCompile,testCompileOnly,testCompileOnlyDependenciesMetadata,testIntransitiveDependenciesMetadata,testKotlinScriptDef,testKotlinScriptDefExtensions,testRuntime
