# This is a Gradle generated file for dependency locking.
# Manual edits can break the build and are not advised.
# This file is expected to be part of source control.
com.github.ajalt.clikt:clikt-core-jvm:5.0.3=pklCodegenJava
com.github.ajalt.clikt:clikt-core:5.0.3=pklCodegenJava
com.github.ajalt.clikt:clikt-jvm:5.0.3=pklCodegenJava
com.github.ajalt.clikt:clikt-markdown-jvm:5.0.3=pklCodegenJava
com.github.ajalt.clikt:clikt-markdown:5.0.3=pklCodegenJava
com.github.ajalt.clikt:clikt:5.0.3=pklCodegenJava
com.github.ajalt.colormath:colormath-jvm:3.6.0=pklCodegenJava
com.github.ajalt.colormath:colormath:3.6.0=pklCodegenJava
com.github.ajalt.mordant:mordant-core-jvm:3.0.1=pklCodegenJava
com.github.ajalt.mordant:mordant-core:3.0.1=pklCodegenJava
com.github.ajalt.mordant:mordant-jvm-ffm-jvm:3.0.1=pklCodegenJava
com.github.ajalt.mordant:mordant-jvm-ffm:3.0.1=pklCodegenJava
com.github.ajalt.mordant:mordant-jvm-graal-ffi-jvm:3.0.1=pklCodegenJava
com.github.ajalt.mordant:mordant-jvm-graal-ffi:3.0.1=pklCodegenJava
com.github.ajalt.mordant:mordant-jvm-jna-jvm:3.0.1=pklCodegenJava
com.github.ajalt.mordant:mordant-jvm-jna:3.0.1=pklCodegenJava
com.github.ajalt.mordant:mordant-jvm:3.0.1=pklCodegenJava
com.github.ajalt.mordant:mordant-markdown-jvm:3.0.1=pklCodegenJava
com.github.ajalt.mordant:mordant-markdown:3.0.1=pklCodegenJava
com.github.ajalt.mordant:mordant:3.0.1=pklCodegenJava
com.palantir.javapoet:javapoet:0.7.0=pklCodegenJava
io.leangen.geantyref:geantyref:1.3.16=compileClasspath,implementationDependenciesMetadata,runtimeClasspath,testCompileClasspath,testImplementationDependenciesMetadata,testRuntimeClasspath
javax.inject:javax.inject:1=testCompileClasspath,testImplementationDependenciesMetadata,testRuntimeClasspath
net.bytebuddy:byte-buddy:1.15.11=testCompileClasspath,testImplementationDependenciesMetadata,testRuntimeClasspath
net.java.dev.jna:jna:5.14.0=pklCodegenJava
org.apiguardian:apiguardian-api:1.1.2=testCompileClasspath,testImplementationDependenciesMetadata
org.assertj:assertj-core:3.27.3=testCompileClasspath,testImplementationDependenciesMetadata,testRuntimeClasspath
org.graalvm.polyglot:polyglot:24.1.2=pklCodegenJava,runtimeClasspath,testRuntimeClasspath
org.graalvm.sdk:collections:24.1.2=pklCodegenJava,runtimeClasspath,testRuntimeClasspath
org.graalvm.sdk:graal-sdk:24.1.2=pklCodegenJava,runtimeClasspath,testRuntimeClasspath
org.graalvm.sdk:nativeimage:24.1.2=pklCodegenJava,runtimeClasspath,testRuntimeClasspath
org.graalvm.sdk:word:24.1.2=pklCodegenJava,runtimeClasspath,testRuntimeClasspath
org.graalvm.truffle:truffle-api:24.1.2=pklCodegenJava,runtimeClasspath,testRuntimeClasspath
org.jetbrains.intellij.deps:trove4j:1.0.20200330=kotlinBuildToolsApiClasspath,kotlinCompilerClasspath,kotlinKlibCommonizerClasspath
org.jetbrains.kotlin:kotlin-build-common:2.0.21=kotlinBuildToolsApiClasspath
org.jetbrains.kotlin:kotlin-build-tools-api:2.0.21=kotlinBuildToolsApiClasspath
org.jetbrains.kotlin:kotlin-build-tools-impl:2.0.21=kotlinBuildToolsApiClasspath
org.jetbrains.kotlin:kotlin-compiler-embeddable:2.0.21=kotlinBuildToolsApiClasspath,kotlinCompilerClasspath,kotlinKlibCommonizerClasspath
org.jetbrains.kotlin:kotlin-compiler-runner:2.0.21=kotlinBuildToolsApiClasspath
org.jetbrains.kotlin:kotlin-daemon-client:2.0.21=kotlinBuildToolsApiClasspath
org.jetbrains.kotlin:kotlin-daemon-embeddable:2.0.21=kotlinBuildToolsApiClasspath,kotlinCompilerClasspath,kotlinKlibCommonizerClasspath
org.jetbrains.kotlin:kotlin-klib-commonizer-embeddable:2.0.21=kotlinKlibCommonizerClasspath
org.jetbrains.kotlin:kotlin-native-prebuilt:2.0.21=kotlinNativeBundleConfiguration
org.jetbrains.kotlin:kotlin-reflect:2.0.21=kotlinBuildToolsApiClasspath,kotlinCompilerClasspath,kotlinKlibCommonizerClasspath
org.jetbrains.kotlin:kotlin-script-runtime:2.0.21=kotlinBuildToolsApiClasspath,kotlinCompilerClasspath,kotlinCompilerPluginClasspathMain,kotlinCompilerPluginClasspathTest,kotlinKlibCommonizerClasspath
org.jetbrains.kotlin:kotlin-scripting-common:2.0.21=kotlinBuildToolsApiClasspath,kotlinCompilerPluginClasspathMain,kotlinCompilerPluginClasspathTest
org.jetbrains.kotlin:kotlin-scripting-compiler-embeddable:2.0.21=kotlinBuildToolsApiClasspath,kotlinCompilerPluginClasspathMain,kotlinCompilerPluginClasspathTest
org.jetbrains.kotlin:kotlin-scripting-compiler-impl-embeddable:2.0.21=kotlinBuildToolsApiClasspath,kotlinCompilerPluginClasspathMain,kotlinCompilerPluginClasspathTest
org.jetbrains.kotlin:kotlin-scripting-jvm:2.0.21=kotlinBuildToolsApiClasspath,kotlinCompilerPluginClasspathMain,kotlinCompilerPluginClasspathTest
org.jetbrains.kotlin:kotlin-stdlib-jdk7:2.0.21=pklCodegenJava,testCompileClasspath,testImplementationDependenciesMetadata,testRuntimeClasspath
org.jetbrains.kotlin:kotlin-stdlib-jdk8:2.0.21=pklCodegenJava,testCompileClasspath,testImplementationDependenciesMetadata,testRuntimeClasspath
org.jetbrains.kotlin:kotlin-stdlib:2.0.21=kotlinBuildToolsApiClasspath,kotlinCompilerClasspath,kotlinCompilerPluginClasspathMain,kotlinCompilerPluginClasspathTest,kotlinKlibCommonizerClasspath,pklCodegenJava,testCompileClasspath,testImplementationDependenciesMetadata,testRuntimeClasspath
org.jetbrains.kotlinx:kotlinx-coroutines-core-jvm:1.6.4=kotlinBuildToolsApiClasspath,kotlinCompilerClasspath,kotlinKlibCommonizerClasspath
org.jetbrains:annotations:13.0=kotlinBuildToolsApiClasspath,kotlinCompilerClasspath,kotlinCompilerPluginClasspathMain,kotlinCompilerPluginClasspathTest,kotlinKlibCommonizerClasspath,pklCodegenJava,testCompileClasspath,testRuntimeClasspath
org.jetbrains:markdown-jvm:0.7.3=pklCodegenJava
org.jetbrains:markdown:0.7.3=pklCodegenJava
org.junit.jupiter:junit-jupiter-api:5.13.0=testCompileClasspath,testImplementationDependenciesMetadata,testRuntimeClasspath
org.junit.jupiter:junit-jupiter-engine:5.13.0=testRuntimeClasspath
org.junit.jupiter:junit-jupiter-params:5.13.0=testCompileClasspath,testImplementationDependenciesMetadata,testRuntimeClasspath
org.junit.platform:junit-platform-commons:1.13.0=testCompileClasspath,testImplementationDependenciesMetadata,testRuntimeClasspath
org.junit.platform:junit-platform-engine:1.13.0=testRuntimeClasspath
org.junit.platform:junit-platform-launcher:1.13.0=testRuntimeClasspath
org.junit:junit-bom:5.13.0=testCompileClasspath,testImplementationDependenciesMetadata,testRuntimeClasspath
org.msgpack:msgpack-core:0.9.8=pklCodegenJava,runtimeClasspath,testRuntimeClasspath
org.opentest4j:opentest4j:1.3.0=testCompileClasspath,testImplementationDependenciesMetadata,testRuntimeClasspath
org.organicdesign:Paguro:3.10.3=pklCodegenJava,runtimeClasspath,testRuntimeClasspath
org.snakeyaml:snakeyaml-engine:2.9=pklCodegenJava,runtimeClasspath,testRuntimeClasspath
empty=annotationProcessor,apiDependenciesMetadata,compileOnlyDependenciesMetadata,fatJar,firstPartySourcesJars,intransitiveDependenciesMetadata,kotlinCompilerPluginClasspath,kotlinNativeCompilerPluginClasspath,kotlinScriptDefExtensions,shadow,signatures,sourcesJar,testAnnotationProcessor,testApiDependenciesMetadata,testCompileOnlyDependenciesMetadata,testIntransitiveDependenciesMetadata,testKotlinScriptDefExtensions
